// !$*UTF8*$!
{
	archiveVersion = 1;
	classes = {
	};
	objectVersion = 56;
	objects = {

/* Begin PBXBuildFile section */
		C70B72212C944469001011D6 /* FirebaseToJSONFileUploader.swift in Sources */ = {isa = PBXBuildFile; fileRef = C70B72202C944469001011D6 /* FirebaseToJSONFileUploader.swift */; };
		C70B72272C968AFE001011D6 /* WordFillInTheBlankPageViewController.swift in Sources */ = {isa = PBXBuildFile; fileRef = C70B72262C968AFE001011D6 /* WordFillInTheBlankPageViewController.swift */; };
		C70B72292C968E37001011D6 /* ExamViewController.swift in Sources */ = {isa = PBXBuildFile; fileRef = C70B72282C968E37001011D6 /* ExamViewController.swift */; };
		C70B722B2C96C0F0001011D6 /* QuestionPageCell.swift in Sources */ = {isa = PBXBuildFile; fileRef = C70B722A2C96C0F0001011D6 /* QuestionPageCell.swift */; };
		C70B722D2C96D55E001011D6 /* ParagraphFillInTheBlanksViewController.swift in Sources */ = {isa = PBXBuildFile; fileRef = C70B722C2C96D55E001011D6 /* ParagraphFillInTheBlanksViewController.swift */; };
		C70B722F2C96E61D001011D6 /* ParagraphCell.swift in Sources */ = {isa = PBXBuildFile; fileRef = C70B722E2C96E61D001011D6 /* ParagraphCell.swift */; };
		C70B72312C9738F2001011D6 /* ReadingViewController.swift in Sources */ = {isa = PBXBuildFile; fileRef = C70B72302C9738F2001011D6 /* ReadingViewController.swift */; };
		C70B72352C97BE24001011D6 /* BattleViewController.swift in Sources */ = {isa = PBXBuildFile; fileRef = C70B72342C97BE24001011D6 /* BattleViewController.swift */; };
		C70B72372C97F8BB001011D6 /* BattlePlay1ViewController.swift in Sources */ = {isa = PBXBuildFile; fileRef = C70B72362C97F8BB001011D6 /* BattlePlay1ViewController.swift */; };
		C70B72392C988531001011D6 /* BattleRoomModel.swift in Sources */ = {isa = PBXBuildFile; fileRef = C70B72382C988531001011D6 /* BattleRoomModel.swift */; };
		C70B72452C99EC08001011D6 /* GoogleService-Info.plist in Resources */ = {isa = PBXBuildFile; fileRef = C70B72442C99EC08001011D6 /* GoogleService-Info.plist */; };
		C70B725C2C9ACE2C001011D6 /* CollectionTagCell.swift in Sources */ = {isa = PBXBuildFile; fileRef = C70B725B2C9ACE2C001011D6 /* CollectionTagCell.swift */; };
		C72544342C91854D00580224 /* AppDelegate.swift in Sources */ = {isa = PBXBuildFile; fileRef = C72544332C91854D00580224 /* AppDelegate.swift */; };
		C72544362C91854D00580224 /* SceneDelegate.swift in Sources */ = {isa = PBXBuildFile; fileRef = C72544352C91854D00580224 /* SceneDelegate.swift */; };
		C725443B2C91854D00580224 /* Base in Resources */ = {isa = PBXBuildFile; fileRef = C725443A2C91854D00580224 /* Base */; };
		C725443E2C91854D00580224 /* RogueWord.xcdatamodeld in Sources */ = {isa = PBXBuildFile; fileRef = C725443C2C91854D00580224 /* RogueWord.xcdatamodeld */; };
		C72544402C91854F00580224 /* Assets.xcassets in Resources */ = {isa = PBXBuildFile; fileRef = C725443F2C91854F00580224 /* Assets.xcassets */; };
		C72544432C91854F00580224 /* Base in Resources */ = {isa = PBXBuildFile; fileRef = C72544422C91854F00580224 /* Base */; };
		C725444E2C91854F00580224 /* RogueWordTests.swift in Sources */ = {isa = PBXBuildFile; fileRef = C725444D2C91854F00580224 /* RogueWordTests.swift */; };
		C72544582C91854F00580224 /* RogueWordUITests.swift in Sources */ = {isa = PBXBuildFile; fileRef = C72544572C91854F00580224 /* RogueWordUITests.swift */; };
		C725445A2C91854F00580224 /* RogueWordUITestsLaunchTests.swift in Sources */ = {isa = PBXBuildFile; fileRef = C72544592C91854F00580224 /* RogueWordUITestsLaunchTests.swift */; };
		C72544782C92BA1700580224 /* LoginViewController.swift in Sources */ = {isa = PBXBuildFile; fileRef = C72544772C92BA1700580224 /* LoginViewController.swift */; };
		C725447D2C92BA6100580224 /* CollectionPageViewController.swift in Sources */ = {isa = PBXBuildFile; fileRef = C725447C2C92BA6100580224 /* CollectionPageViewController.swift */; };
		C725447F2C92BA7E00580224 /* CollectionPageViewModel.swift in Sources */ = {isa = PBXBuildFile; fileRef = C725447E2C92BA7E00580224 /* CollectionPageViewModel.swift */; };
		C72544812C92BAB500580224 /* LevelUpGamePageViewController.swift in Sources */ = {isa = PBXBuildFile; fileRef = C72544802C92BAB500580224 /* LevelUpGamePageViewController.swift */; };
		C72544842C92BB0F00580224 /* LevelUpGamePageModel.swift in Sources */ = {isa = PBXBuildFile; fileRef = C72544832C92BB0F00580224 /* LevelUpGamePageModel.swift */; };
		C72544862C92BB3E00580224 /* CollectionPageCell.swift in Sources */ = {isa = PBXBuildFile; fileRef = C72544852C92BB3E00580224 /* CollectionPageCell.swift */; };
		C72544882C92BB6900580224 /* LoginViewModel.swift in Sources */ = {isa = PBXBuildFile; fileRef = C72544872C92BB6900580224 /* LoginViewModel.swift */; };
		C725448A2C92BB8C00580224 /* HomeModel.swift in Sources */ = {isa = PBXBuildFile; fileRef = C72544892C92BB8C00580224 /* HomeModel.swift */; };
		C74264A22CB9910A00FCF5D2 /* SayingGoesPageViewController.swift in Sources */ = {isa = PBXBuildFile; fileRef = C74264A12CB9910A00FCF5D2 /* SayingGoesPageViewController.swift */; };
		C74264BA2CBC192000FCF5D2 /* FirebaseAnalytics in Frameworks */ = {isa = PBXBuildFile; productRef = C74264B92CBC192000FCF5D2 /* FirebaseAnalytics */; };
		C74264BC2CBC192000FCF5D2 /* FirebaseAnalyticsOnDeviceConversion in Frameworks */ = {isa = PBXBuildFile; productRef = C74264BB2CBC192000FCF5D2 /* FirebaseAnalyticsOnDeviceConversion */; };
		C74264BE2CBC192000FCF5D2 /* FirebaseAnalyticsWithoutAdIdSupport in Frameworks */ = {isa = PBXBuildFile; productRef = C74264BD2CBC192000FCF5D2 /* FirebaseAnalyticsWithoutAdIdSupport */; };
		C74264C02CBC192000FCF5D2 /* FirebaseAppCheck in Frameworks */ = {isa = PBXBuildFile; productRef = C74264BF2CBC192000FCF5D2 /* FirebaseAppCheck */; };
		C74264C22CBC192000FCF5D2 /* FirebaseAppDistribution-Beta in Frameworks */ = {isa = PBXBuildFile; productRef = C74264C12CBC192000FCF5D2 /* FirebaseAppDistribution-Beta */; };
		C74264C42CBC192000FCF5D2 /* FirebaseAuth in Frameworks */ = {isa = PBXBuildFile; productRef = C74264C32CBC192000FCF5D2 /* FirebaseAuth */; };
		C74264C62CBC192000FCF5D2 /* FirebaseAuthCombine-Community in Frameworks */ = {isa = PBXBuildFile; productRef = C74264C52CBC192000FCF5D2 /* FirebaseAuthCombine-Community */; };
		C74264C82CBC192000FCF5D2 /* FirebaseCore in Frameworks */ = {isa = PBXBuildFile; productRef = C74264C72CBC192000FCF5D2 /* FirebaseCore */; };
		C74264CA2CBC192000FCF5D2 /* FirebaseCrashlytics in Frameworks */ = {isa = PBXBuildFile; productRef = C74264C92CBC192000FCF5D2 /* FirebaseCrashlytics */; };
		C74264CC2CBC192000FCF5D2 /* FirebaseDatabase in Frameworks */ = {isa = PBXBuildFile; productRef = C74264CB2CBC192000FCF5D2 /* FirebaseDatabase */; };
		C74264CE2CBC192000FCF5D2 /* FirebaseDynamicLinks in Frameworks */ = {isa = PBXBuildFile; productRef = C74264CD2CBC192000FCF5D2 /* FirebaseDynamicLinks */; };
		C74264D02CBC192000FCF5D2 /* FirebaseFirestore in Frameworks */ = {isa = PBXBuildFile; productRef = C74264CF2CBC192000FCF5D2 /* FirebaseFirestore */; };
		C74264D22CBC192000FCF5D2 /* FirebaseFirestoreCombine-Community in Frameworks */ = {isa = PBXBuildFile; productRef = C74264D12CBC192000FCF5D2 /* FirebaseFirestoreCombine-Community */; };
		C74264D42CBC192000FCF5D2 /* FirebaseFunctions in Frameworks */ = {isa = PBXBuildFile; productRef = C74264D32CBC192000FCF5D2 /* FirebaseFunctions */; };
		C74264D62CBC192000FCF5D2 /* FirebaseFunctionsCombine-Community in Frameworks */ = {isa = PBXBuildFile; productRef = C74264D52CBC192000FCF5D2 /* FirebaseFunctionsCombine-Community */; };
		C74264D82CBC192000FCF5D2 /* FirebaseInAppMessaging-Beta in Frameworks */ = {isa = PBXBuildFile; productRef = C74264D72CBC192000FCF5D2 /* FirebaseInAppMessaging-Beta */; };
		C74264DA2CBC192000FCF5D2 /* FirebaseInstallations in Frameworks */ = {isa = PBXBuildFile; productRef = C74264D92CBC192000FCF5D2 /* FirebaseInstallations */; };
		C74264DC2CBC192000FCF5D2 /* FirebaseMLModelDownloader in Frameworks */ = {isa = PBXBuildFile; productRef = C74264DB2CBC192000FCF5D2 /* FirebaseMLModelDownloader */; };
		C74264DE2CBC192000FCF5D2 /* FirebaseMessaging in Frameworks */ = {isa = PBXBuildFile; productRef = C74264DD2CBC192000FCF5D2 /* FirebaseMessaging */; };
		C74264E02CBC192000FCF5D2 /* FirebasePerformance in Frameworks */ = {isa = PBXBuildFile; productRef = C74264DF2CBC192000FCF5D2 /* FirebasePerformance */; };
		C74264E22CBC192000FCF5D2 /* FirebaseRemoteConfig in Frameworks */ = {isa = PBXBuildFile; productRef = C74264E12CBC192000FCF5D2 /* FirebaseRemoteConfig */; };
		C74264E42CBC192000FCF5D2 /* FirebaseStorage in Frameworks */ = {isa = PBXBuildFile; productRef = C74264E32CBC192000FCF5D2 /* FirebaseStorage */; };
		C74264E62CBC192000FCF5D2 /* FirebaseStorageCombine-Community in Frameworks */ = {isa = PBXBuildFile; productRef = C74264E52CBC192000FCF5D2 /* FirebaseStorageCombine-Community */; };
		C74264E82CBC192000FCF5D2 /* FirebaseVertexAI-Preview in Frameworks */ = {isa = PBXBuildFile; productRef = C74264E72CBC192000FCF5D2 /* FirebaseVertexAI-Preview */; };
		C74264EA2CBC1DD200FCF5D2 /* RoomViewController.swift in Sources */ = {isa = PBXBuildFile; fileRef = C74264E92CBC1DD200FCF5D2 /* RoomViewController.swift */; };
		C74264EC2CBC1E6900FCF5D2 /* QRCodeScannerViewController.swift in Sources */ = {isa = PBXBuildFile; fileRef = C74264EB2CBC1E6900FCF5D2 /* QRCodeScannerViewController.swift */; };
		C74264EE2CBC360400FCF5D2 /* CollectionPageGameViewController.swift in Sources */ = {isa = PBXBuildFile; fileRef = C74264ED2CBC360400FCF5D2 /* CollectionPageGameViewController.swift */; };
		C74264F42CBCA76000FCF5D2 /* UnitGameViewController.swift in Sources */ = {isa = PBXBuildFile; fileRef = C74264F32CBCA76000FCF5D2 /* UnitGameViewController.swift */; };
		C7432CAA2CAA841F003221E9 /* CountDown.json in Resources */ = {isa = PBXBuildFile; fileRef = C7432CA92CAA841F003221E9 /* CountDown.json */; };
		C7432CE92CABCC1A003221E9 /* LoginModel.swift in Sources */ = {isa = PBXBuildFile; fileRef = C7432CE82CABCC1A003221E9 /* LoginModel.swift */; };
		C7432D062CACCF9E003221E9 /* DropDown.framework in Frameworks */ = {isa = PBXBuildFile; fileRef = C7432D052CACCF94003221E9 /* DropDown.framework */; };
		C7432D072CACCF9E003221E9 /* DropDown.framework in Embed Frameworks */ = {isa = PBXBuildFile; fileRef = C7432D052CACCF94003221E9 /* DropDown.framework */; settings = {ATTRIBUTES = (CodeSignOnCopy, RemoveHeadersOnCopy, ); }; };
		C7432D122CAD17FE003221E9 /* PersonFileViewModel.swift in Sources */ = {isa = PBXBuildFile; fileRef = C7432D112CAD17FE003221E9 /* PersonFileViewModel.swift */; };
		C7432D4C2CAFD969003221E9 /* GameScene.swift in Sources */ = {isa = PBXBuildFile; fileRef = C7432D4B2CAFD969003221E9 /* GameScene.swift */; };
		C7432D552CB0F368003221E9 /* LoadingImage.json in Resources */ = {isa = PBXBuildFile; fileRef = C7432D542CB0F367003221E9 /* LoadingImage.json */; };
		C7432D592CB1A4B4003221E9 /* CollectionGameScene.swift in Sources */ = {isa = PBXBuildFile; fileRef = C7432D582CB1A4B4003221E9 /* CollectionGameScene.swift */; };
		C7432D5B2CB1A55E003221E9 /* CollectionViewController.swift in Sources */ = {isa = PBXBuildFile; fileRef = C7432D5A2CB1A55E003221E9 /* CollectionViewController.swift */; };
		C7432D6D2CB27BAF003221E9 /* HomeGameScene.swift in Sources */ = {isa = PBXBuildFile; fileRef = C7432D6C2CB27BAF003221E9 /* HomeGameScene.swift */; };
		C7432D702CB27BEA003221E9 /* HomeGameViewController.swift in Sources */ = {isa = PBXBuildFile; fileRef = C7432D6F2CB27BEA003221E9 /* HomeGameViewController.swift */; };
		C7432D722CB2CC9F003221E9 /* TabBarController.swift in Sources */ = {isa = PBXBuildFile; fileRef = C7432D712CB2CC9F003221E9 /* TabBarController.swift */; };
		C7432D742CB2E325003221E9 /* BattleGameScene.swift in Sources */ = {isa = PBXBuildFile; fileRef = C7432D732CB2E325003221E9 /* BattleGameScene.swift */; };
		C7856BDD2CB77C8D00842B94 /* Lottie in Frameworks */ = {isa = PBXBuildFile; productRef = C7856BDC2CB77C8D00842B94 /* Lottie */; };
		C7856BE02CB77C9A00842B94 /* SnapKit in Frameworks */ = {isa = PBXBuildFile; productRef = C7856BDF2CB77C9A00842B94 /* SnapKit */; };
		C7856BE82CB8337700842B94 /* SentenceFillGamePageViewController.swift in Sources */ = {isa = PBXBuildFile; fileRef = C7856BE72CB8337700842B94 /* SentenceFillGamePageViewController.swift */; };
		C7856BEA2CB834BF00842B94 /* SentenceFillGamePageModel.swift in Sources */ = {isa = PBXBuildFile; fileRef = C7856BE92CB834BF00842B94 /* SentenceFillGamePageModel.swift */; };
		C7B3277A2CB589EA006EAC93 /* searchBattle.json in Resources */ = {isa = PBXBuildFile; fileRef = C7B327792CB589EA006EAC93 /* searchBattle.json */; };
		C7B386CF2CA3A7DD0000F9CE /* ExamCardCell.swift in Sources */ = {isa = PBXBuildFile; fileRef = C7B386CE2CA3A7DD0000F9CE /* ExamCardCell.swift */; };
		C7B386E72CA68EE50000F9CE /* LoadingViewController.swift in Sources */ = {isa = PBXBuildFile; fileRef = C7B386E62CA68E8D0000F9CE /* LoadingViewController.swift */; };
		C7E0B0662C9D4B0D003395B3 /* ReadingTestCell.swift in Sources */ = {isa = PBXBuildFile; fileRef = C7E0B0652C9D4B0D003395B3 /* ReadingTestCell.swift */; };
		C7E0B0682C9D631A003395B3 /* ListeningTestCell.swift in Sources */ = {isa = PBXBuildFile; fileRef = C7E0B0672C9D631A003395B3 /* ListeningTestCell.swift */; };
		C7E0B0972C9FCDAB003395B3 /* ExamModel.swift in Sources */ = {isa = PBXBuildFile; fileRef = C7E0B0962C9FCDAB003395B3 /* ExamModel.swift */; };
		C7E0B0992C9FCDC9003395B3 /* ExamViewModel.swift in Sources */ = {isa = PBXBuildFile; fileRef = C7E0B0982C9FCDC9003395B3 /* ExamViewModel.swift */; };
		C7E0B0A22CA05FDC003395B3 /* PersonFileViewController.swift in Sources */ = {isa = PBXBuildFile; fileRef = C7E0B0A12CA05FDC003395B3 /* PersonFileViewController.swift */; };
		C7E0B0A42CA061F3003395B3 /* PersonFileCell.swift in Sources */ = {isa = PBXBuildFile; fileRef = C7E0B0A32CA061F3003395B3 /* PersonFileCell.swift */; };
		C7E0B0AF2CA08ACE003395B3 /* WrongQuestionsPage.swift in Sources */ = {isa = PBXBuildFile; fileRef = C7E0B0AE2CA08ACE003395B3 /* WrongQuestionsPage.swift */; };
		C7E0B0B12CA1079F003395B3 /* FirestoreService.swift in Sources */ = {isa = PBXBuildFile; fileRef = C7E0B0B02CA1079F003395B3 /* FirestoreService.swift */; };
		C7E0B0B32CA170E1003395B3 /* WrongQuestionWordVC.swift in Sources */ = {isa = PBXBuildFile; fileRef = C7E0B0B22CA170E1003395B3 /* WrongQuestionWordVC.swift */; };
		C7E0B0B72CA26561003395B3 /* WrongQuestionParagraphVC.swift in Sources */ = {isa = PBXBuildFile; fileRef = C7E0B0B62CA26561003395B3 /* WrongQuestionParagraphVC.swift */; };
		C7E0B0B92CA284D5003395B3 /* WrongQuestionReadingVC.swift in Sources */ = {isa = PBXBuildFile; fileRef = C7E0B0B82CA284D5003395B3 /* WrongQuestionReadingVC.swift */; };
/* End PBXBuildFile section */

/* Begin PBXContainerItemProxy section */
		C725444A2C91854F00580224 /* PBXContainerItemProxy */ = {
			isa = PBXContainerItemProxy;
			containerPortal = C72544282C91854D00580224 /* Project object */;
			proxyType = 1;
			remoteGlobalIDString = C725442F2C91854D00580224;
			remoteInfo = RogueWord;
		};
		C72544542C91854F00580224 /* PBXContainerItemProxy */ = {
			isa = PBXContainerItemProxy;
			containerPortal = C72544282C91854D00580224 /* Project object */;
			proxyType = 1;
			remoteGlobalIDString = C725442F2C91854D00580224;
			remoteInfo = RogueWord;
		};
		C7432D002CACCF94003221E9 /* PBXContainerItemProxy */ = {
			isa = PBXContainerItemProxy;
			containerPortal = C7432CFA2CACCF94003221E9 /* DropDown.xcodeproj */;
			proxyType = 2;
			remoteGlobalIDString = 0A76440F1B676C2300BF1A2D;
			remoteInfo = Demo;
		};
		C7432D022CACCF94003221E9 /* PBXContainerItemProxy */ = {
			isa = PBXContainerItemProxy;
			containerPortal = C7432CFA2CACCF94003221E9 /* DropDown.xcodeproj */;
			proxyType = 2;
			remoteGlobalIDString = 0A7644241B676C2300BF1A2D;
			remoteInfo = DropDownTests;
		};
		C7432D042CACCF94003221E9 /* PBXContainerItemProxy */ = {
			isa = PBXContainerItemProxy;
			containerPortal = C7432CFA2CACCF94003221E9 /* DropDown.xcodeproj */;
			proxyType = 2;
			remoteGlobalIDString = 0AB5D8711D0EEECD002D3A17;
			remoteInfo = DropDown;
		};
/* End PBXContainerItemProxy section */

/* Begin PBXCopyFilesBuildPhase section */
		C70B72572C9A7AFB001011D6 /* Embed Frameworks */ = {
			isa = PBXCopyFilesBuildPhase;
			buildActionMask = 2147483647;
			dstPath = "";
			dstSubfolderSpec = 10;
			files = (
				C7432D072CACCF9E003221E9 /* DropDown.framework in Embed Frameworks */,
			);
			name = "Embed Frameworks";
			runOnlyForDeploymentPostprocessing = 0;
		};
		C7432CCA2CABBAF5003221E9 /* Embed Foundation Extensions */ = {
			isa = PBXCopyFilesBuildPhase;
			buildActionMask = 2147483647;
			dstPath = "";
			dstSubfolderSpec = 13;
			files = (
			);
			name = "Embed Foundation Extensions";
			runOnlyForDeploymentPostprocessing = 0;
		};
/* End PBXCopyFilesBuildPhase section */

/* Begin PBXFileReference section */
		C70B72202C944469001011D6 /* FirebaseToJSONFileUploader.swift */ = {isa = PBXFileReference; lastKnownFileType = sourcecode.swift; path = FirebaseToJSONFileUploader.swift; sourceTree = "<group>"; };
		C70B72262C968AFE001011D6 /* WordFillInTheBlankPageViewController.swift */ = {isa = PBXFileReference; lastKnownFileType = sourcecode.swift; path = WordFillInTheBlankPageViewController.swift; sourceTree = "<group>"; };
		C70B72282C968E37001011D6 /* ExamViewController.swift */ = {isa = PBXFileReference; lastKnownFileType = sourcecode.swift; path = ExamViewController.swift; sourceTree = "<group>"; };
		C70B722A2C96C0F0001011D6 /* QuestionPageCell.swift */ = {isa = PBXFileReference; lastKnownFileType = sourcecode.swift; path = QuestionPageCell.swift; sourceTree = "<group>"; };
		C70B722C2C96D55E001011D6 /* ParagraphFillInTheBlanksViewController.swift */ = {isa = PBXFileReference; lastKnownFileType = sourcecode.swift; path = ParagraphFillInTheBlanksViewController.swift; sourceTree = "<group>"; };
		C70B722E2C96E61D001011D6 /* ParagraphCell.swift */ = {isa = PBXFileReference; lastKnownFileType = sourcecode.swift; path = ParagraphCell.swift; sourceTree = "<group>"; };
		C70B72302C9738F2001011D6 /* ReadingViewController.swift */ = {isa = PBXFileReference; lastKnownFileType = sourcecode.swift; path = ReadingViewController.swift; sourceTree = "<group>"; };
		C70B72342C97BE24001011D6 /* BattleViewController.swift */ = {isa = PBXFileReference; lastKnownFileType = sourcecode.swift; path = BattleViewController.swift; sourceTree = "<group>"; };
		C70B72362C97F8BB001011D6 /* BattlePlay1ViewController.swift */ = {isa = PBXFileReference; lastKnownFileType = sourcecode.swift; path = BattlePlay1ViewController.swift; sourceTree = "<group>"; };
		C70B72382C988531001011D6 /* BattleRoomModel.swift */ = {isa = PBXFileReference; lastKnownFileType = sourcecode.swift; path = BattleRoomModel.swift; sourceTree = "<group>"; };
		C70B72442C99EC08001011D6 /* GoogleService-Info.plist */ = {isa = PBXFileReference; fileEncoding = 4; lastKnownFileType = text.plist.xml; path = "GoogleService-Info.plist"; sourceTree = "<group>"; };
		C70B725B2C9ACE2C001011D6 /* CollectionTagCell.swift */ = {isa = PBXFileReference; lastKnownFileType = sourcecode.swift; path = CollectionTagCell.swift; sourceTree = "<group>"; };
		C72544302C91854D00580224 /* RogueWord.app */ = {isa = PBXFileReference; explicitFileType = wrapper.application; includeInIndex = 0; path = RogueWord.app; sourceTree = BUILT_PRODUCTS_DIR; };
		C72544332C91854D00580224 /* AppDelegate.swift */ = {isa = PBXFileReference; lastKnownFileType = sourcecode.swift; path = AppDelegate.swift; sourceTree = "<group>"; };
		C72544352C91854D00580224 /* SceneDelegate.swift */ = {isa = PBXFileReference; lastKnownFileType = sourcecode.swift; path = SceneDelegate.swift; sourceTree = "<group>"; };
		C725443A2C91854D00580224 /* Base */ = {isa = PBXFileReference; lastKnownFileType = file.storyboard; name = Base; path = Base.lproj/Main.storyboard; sourceTree = "<group>"; };
		C725443D2C91854D00580224 /* RogueWord.xcdatamodel */ = {isa = PBXFileReference; lastKnownFileType = wrapper.xcdatamodel; path = RogueWord.xcdatamodel; sourceTree = "<group>"; };
		C725443F2C91854F00580224 /* Assets.xcassets */ = {isa = PBXFileReference; lastKnownFileType = folder.assetcatalog; path = Assets.xcassets; sourceTree = "<group>"; };
		C72544422C91854F00580224 /* Base */ = {isa = PBXFileReference; lastKnownFileType = file.storyboard; name = Base; path = Base.lproj/LaunchScreen.storyboard; sourceTree = "<group>"; };
		C72544442C91854F00580224 /* Info.plist */ = {isa = PBXFileReference; lastKnownFileType = text.plist.xml; path = Info.plist; sourceTree = "<group>"; };
		C72544492C91854F00580224 /* RogueWordTests.xctest */ = {isa = PBXFileReference; explicitFileType = wrapper.cfbundle; includeInIndex = 0; path = RogueWordTests.xctest; sourceTree = BUILT_PRODUCTS_DIR; };
		C725444D2C91854F00580224 /* RogueWordTests.swift */ = {isa = PBXFileReference; lastKnownFileType = sourcecode.swift; path = RogueWordTests.swift; sourceTree = "<group>"; };
		C72544532C91854F00580224 /* RogueWordUITests.xctest */ = {isa = PBXFileReference; explicitFileType = wrapper.cfbundle; includeInIndex = 0; path = RogueWordUITests.xctest; sourceTree = BUILT_PRODUCTS_DIR; };
		C72544572C91854F00580224 /* RogueWordUITests.swift */ = {isa = PBXFileReference; lastKnownFileType = sourcecode.swift; path = RogueWordUITests.swift; sourceTree = "<group>"; };
		C72544592C91854F00580224 /* RogueWordUITestsLaunchTests.swift */ = {isa = PBXFileReference; lastKnownFileType = sourcecode.swift; path = RogueWordUITestsLaunchTests.swift; sourceTree = "<group>"; };
		C72544772C92BA1700580224 /* LoginViewController.swift */ = {isa = PBXFileReference; lastKnownFileType = sourcecode.swift; path = LoginViewController.swift; sourceTree = "<group>"; };
		C725447C2C92BA6100580224 /* CollectionPageViewController.swift */ = {isa = PBXFileReference; lastKnownFileType = sourcecode.swift; path = CollectionPageViewController.swift; sourceTree = "<group>"; };
		C725447E2C92BA7E00580224 /* CollectionPageViewModel.swift */ = {isa = PBXFileReference; lastKnownFileType = sourcecode.swift; path = CollectionPageViewModel.swift; sourceTree = "<group>"; };
		C72544802C92BAB500580224 /* LevelUpGamePageViewController.swift */ = {isa = PBXFileReference; lastKnownFileType = sourcecode.swift; path = LevelUpGamePageViewController.swift; sourceTree = "<group>"; };
		C72544832C92BB0F00580224 /* LevelUpGamePageModel.swift */ = {isa = PBXFileReference; lastKnownFileType = sourcecode.swift; path = LevelUpGamePageModel.swift; sourceTree = "<group>"; };
		C72544852C92BB3E00580224 /* CollectionPageCell.swift */ = {isa = PBXFileReference; lastKnownFileType = sourcecode.swift; path = CollectionPageCell.swift; sourceTree = "<group>"; };
		C72544872C92BB6900580224 /* LoginViewModel.swift */ = {isa = PBXFileReference; lastKnownFileType = sourcecode.swift; path = LoginViewModel.swift; sourceTree = "<group>"; };
		C72544892C92BB8C00580224 /* HomeModel.swift */ = {isa = PBXFileReference; lastKnownFileType = sourcecode.swift; path = HomeModel.swift; sourceTree = "<group>"; };
		C74264A12CB9910A00FCF5D2 /* SayingGoesPageViewController.swift */ = {isa = PBXFileReference; lastKnownFileType = sourcecode.swift; path = SayingGoesPageViewController.swift; sourceTree = "<group>"; };
		C74264E92CBC1DD200FCF5D2 /* RoomViewController.swift */ = {isa = PBXFileReference; lastKnownFileType = sourcecode.swift; path = RoomViewController.swift; sourceTree = "<group>"; };
		C74264EB2CBC1E6900FCF5D2 /* QRCodeScannerViewController.swift */ = {isa = PBXFileReference; lastKnownFileType = sourcecode.swift; path = QRCodeScannerViewController.swift; sourceTree = "<group>"; };
		C74264ED2CBC360400FCF5D2 /* CollectionPageGameViewController.swift */ = {isa = PBXFileReference; lastKnownFileType = sourcecode.swift; path = CollectionPageGameViewController.swift; sourceTree = "<group>"; };
		C74264F32CBCA76000FCF5D2 /* UnitGameViewController.swift */ = {isa = PBXFileReference; lastKnownFileType = sourcecode.swift; path = UnitGameViewController.swift; sourceTree = "<group>"; };
		C7432CA92CAA841F003221E9 /* CountDown.json */ = {isa = PBXFileReference; fileEncoding = 4; lastKnownFileType = text.json; path = CountDown.json; sourceTree = "<group>"; };
		C7432CB62CABBAF3003221E9 /* WidgetKit.framework */ = {isa = PBXFileReference; lastKnownFileType = wrapper.framework; name = WidgetKit.framework; path = System/Library/Frameworks/WidgetKit.framework; sourceTree = SDKROOT; };
		C7432CB82CABBAF3003221E9 /* SwiftUI.framework */ = {isa = PBXFileReference; lastKnownFileType = wrapper.framework; name = SwiftUI.framework; path = System/Library/Frameworks/SwiftUI.framework; sourceTree = SDKROOT; };
		C7432CE82CABCC1A003221E9 /* LoginModel.swift */ = {isa = PBXFileReference; lastKnownFileType = sourcecode.swift; path = LoginModel.swift; sourceTree = "<group>"; };
		C7432CFA2CACCF94003221E9 /* DropDown.xcodeproj */ = {isa = PBXFileReference; lastKnownFileType = "wrapper.pb-project"; name = DropDown.xcodeproj; path = "../../../Downloads/DropDown-2ab6f6ce19f0117d1a76ea043ef8f57722c65d16/DropDown.xcodeproj"; sourceTree = "<group>"; };
		C7432D112CAD17FE003221E9 /* PersonFileViewModel.swift */ = {isa = PBXFileReference; lastKnownFileType = sourcecode.swift; path = PersonFileViewModel.swift; sourceTree = "<group>"; };
		C7432D4B2CAFD969003221E9 /* GameScene.swift */ = {isa = PBXFileReference; lastKnownFileType = sourcecode.swift; path = GameScene.swift; sourceTree = "<group>"; };
		C7432D542CB0F367003221E9 /* LoadingImage.json */ = {isa = PBXFileReference; fileEncoding = 4; lastKnownFileType = text.json; path = LoadingImage.json; sourceTree = "<group>"; };
		C7432D582CB1A4B4003221E9 /* CollectionGameScene.swift */ = {isa = PBXFileReference; lastKnownFileType = sourcecode.swift; path = CollectionGameScene.swift; sourceTree = "<group>"; };
		C7432D5A2CB1A55E003221E9 /* CollectionViewController.swift */ = {isa = PBXFileReference; lastKnownFileType = sourcecode.swift; path = CollectionViewController.swift; sourceTree = "<group>"; };
		C7432D6C2CB27BAF003221E9 /* HomeGameScene.swift */ = {isa = PBXFileReference; lastKnownFileType = sourcecode.swift; path = HomeGameScene.swift; sourceTree = "<group>"; };
		C7432D6F2CB27BEA003221E9 /* HomeGameViewController.swift */ = {isa = PBXFileReference; lastKnownFileType = sourcecode.swift; path = HomeGameViewController.swift; sourceTree = "<group>"; };
		C7432D712CB2CC9F003221E9 /* TabBarController.swift */ = {isa = PBXFileReference; lastKnownFileType = sourcecode.swift; path = TabBarController.swift; sourceTree = "<group>"; };
		C7432D732CB2E325003221E9 /* BattleGameScene.swift */ = {isa = PBXFileReference; lastKnownFileType = sourcecode.swift; path = BattleGameScene.swift; sourceTree = "<group>"; };
		C7856BE72CB8337700842B94 /* SentenceFillGamePageViewController.swift */ = {isa = PBXFileReference; lastKnownFileType = sourcecode.swift; path = SentenceFillGamePageViewController.swift; sourceTree = "<group>"; };
		C7856BE92CB834BF00842B94 /* SentenceFillGamePageModel.swift */ = {isa = PBXFileReference; lastKnownFileType = sourcecode.swift; path = SentenceFillGamePageModel.swift; sourceTree = "<group>"; };
		C7B327792CB589EA006EAC93 /* searchBattle.json */ = {isa = PBXFileReference; fileEncoding = 4; lastKnownFileType = text.json; path = searchBattle.json; sourceTree = "<group>"; };
		C7B386CE2CA3A7DD0000F9CE /* ExamCardCell.swift */ = {isa = PBXFileReference; lastKnownFileType = sourcecode.swift; path = ExamCardCell.swift; sourceTree = "<group>"; };
		C7B386D92CA43C930000F9CE /* RogueWord.entitlements */ = {isa = PBXFileReference; lastKnownFileType = text.plist.entitlements; path = RogueWord.entitlements; sourceTree = "<group>"; };
		C7B386E62CA68E8D0000F9CE /* LoadingViewController.swift */ = {isa = PBXFileReference; lastKnownFileType = sourcecode.swift; path = LoadingViewController.swift; sourceTree = "<group>"; };
		C7E0B0652C9D4B0D003395B3 /* ReadingTestCell.swift */ = {isa = PBXFileReference; lastKnownFileType = sourcecode.swift; path = ReadingTestCell.swift; sourceTree = "<group>"; };
		C7E0B0672C9D631A003395B3 /* ListeningTestCell.swift */ = {isa = PBXFileReference; lastKnownFileType = sourcecode.swift; path = ListeningTestCell.swift; sourceTree = "<group>"; };
		C7E0B0962C9FCDAB003395B3 /* ExamModel.swift */ = {isa = PBXFileReference; lastKnownFileType = sourcecode.swift; path = ExamModel.swift; sourceTree = "<group>"; };
		C7E0B0982C9FCDC9003395B3 /* ExamViewModel.swift */ = {isa = PBXFileReference; lastKnownFileType = sourcecode.swift; path = ExamViewModel.swift; sourceTree = "<group>"; };
		C7E0B0A12CA05FDC003395B3 /* PersonFileViewController.swift */ = {isa = PBXFileReference; lastKnownFileType = sourcecode.swift; path = PersonFileViewController.swift; sourceTree = "<group>"; };
		C7E0B0A32CA061F3003395B3 /* PersonFileCell.swift */ = {isa = PBXFileReference; lastKnownFileType = sourcecode.swift; path = PersonFileCell.swift; sourceTree = "<group>"; };
		C7E0B0AE2CA08ACE003395B3 /* WrongQuestionsPage.swift */ = {isa = PBXFileReference; lastKnownFileType = sourcecode.swift; path = WrongQuestionsPage.swift; sourceTree = "<group>"; };
		C7E0B0B02CA1079F003395B3 /* FirestoreService.swift */ = {isa = PBXFileReference; lastKnownFileType = sourcecode.swift; path = FirestoreService.swift; sourceTree = "<group>"; };
		C7E0B0B22CA170E1003395B3 /* WrongQuestionWordVC.swift */ = {isa = PBXFileReference; lastKnownFileType = sourcecode.swift; path = WrongQuestionWordVC.swift; sourceTree = "<group>"; };
		C7E0B0B62CA26561003395B3 /* WrongQuestionParagraphVC.swift */ = {isa = PBXFileReference; lastKnownFileType = sourcecode.swift; path = WrongQuestionParagraphVC.swift; sourceTree = "<group>"; };
		C7E0B0B82CA284D5003395B3 /* WrongQuestionReadingVC.swift */ = {isa = PBXFileReference; lastKnownFileType = sourcecode.swift; path = WrongQuestionReadingVC.swift; sourceTree = "<group>"; };
/* End PBXFileReference section */

/* Begin PBXFrameworksBuildPhase section */
		C725442D2C91854D00580224 /* Frameworks */ = {
			isa = PBXFrameworksBuildPhase;
			buildActionMask = 2147483647;
			files = (
				C74264D42CBC192000FCF5D2 /* FirebaseFunctions in Frameworks */,
				C74264CC2CBC192000FCF5D2 /* FirebaseDatabase in Frameworks */,
				C7432D062CACCF9E003221E9 /* DropDown.framework in Frameworks */,
				C74264E42CBC192000FCF5D2 /* FirebaseStorage in Frameworks */,
				C74264BE2CBC192000FCF5D2 /* FirebaseAnalyticsWithoutAdIdSupport in Frameworks */,
				C74264C82CBC192000FCF5D2 /* FirebaseCore in Frameworks */,
				C7856BE02CB77C9A00842B94 /* SnapKit in Frameworks */,
				C74264DC2CBC192000FCF5D2 /* FirebaseMLModelDownloader in Frameworks */,
				C74264CE2CBC192000FCF5D2 /* FirebaseDynamicLinks in Frameworks */,
				C74264E82CBC192000FCF5D2 /* FirebaseVertexAI-Preview in Frameworks */,
				C74264BC2CBC192000FCF5D2 /* FirebaseAnalyticsOnDeviceConversion in Frameworks */,
				C74264C42CBC192000FCF5D2 /* FirebaseAuth in Frameworks */,
				C74264D02CBC192000FCF5D2 /* FirebaseFirestore in Frameworks */,
				C74264D22CBC192000FCF5D2 /* FirebaseFirestoreCombine-Community in Frameworks */,
				C74264D82CBC192000FCF5D2 /* FirebaseInAppMessaging-Beta in Frameworks */,
				C74264D62CBC192000FCF5D2 /* FirebaseFunctionsCombine-Community in Frameworks */,
				C74264C02CBC192000FCF5D2 /* FirebaseAppCheck in Frameworks */,
				C74264E62CBC192000FCF5D2 /* FirebaseStorageCombine-Community in Frameworks */,
				C74264E22CBC192000FCF5D2 /* FirebaseRemoteConfig in Frameworks */,
				C74264BA2CBC192000FCF5D2 /* FirebaseAnalytics in Frameworks */,
				C7856BDD2CB77C8D00842B94 /* Lottie in Frameworks */,
				C74264E02CBC192000FCF5D2 /* FirebasePerformance in Frameworks */,
				C74264CA2CBC192000FCF5D2 /* FirebaseCrashlytics in Frameworks */,
				C74264C22CBC192000FCF5D2 /* FirebaseAppDistribution-Beta in Frameworks */,
				C74264C62CBC192000FCF5D2 /* FirebaseAuthCombine-Community in Frameworks */,
				C74264DE2CBC192000FCF5D2 /* FirebaseMessaging in Frameworks */,
				C74264DA2CBC192000FCF5D2 /* FirebaseInstallations in Frameworks */,
			);
			runOnlyForDeploymentPostprocessing = 0;
		};
		C72544462C91854F00580224 /* Frameworks */ = {
			isa = PBXFrameworksBuildPhase;
			buildActionMask = 2147483647;
			files = (
			);
			runOnlyForDeploymentPostprocessing = 0;
		};
		C72544502C91854F00580224 /* Frameworks */ = {
			isa = PBXFrameworksBuildPhase;
			buildActionMask = 2147483647;
			files = (
			);
			runOnlyForDeploymentPostprocessing = 0;
		};
/* End PBXFrameworksBuildPhase section */

/* Begin PBXGroup section */
		C70B723A2C988540001011D6 /* Model */ = {
			isa = PBXGroup;
			children = (
				C7E0B0962C9FCDAB003395B3 /* ExamModel.swift */,
				C70B72382C988531001011D6 /* BattleRoomModel.swift */,
			);
			path = Model;
			sourceTree = "<group>";
		};
		C70B72542C9A7AFB001011D6 /* Frameworks */ = {
			isa = PBXGroup;
			children = (
				C7432CB62CABBAF3003221E9 /* WidgetKit.framework */,
				C7432CB82CABBAF3003221E9 /* SwiftUI.framework */,
			);
			name = Frameworks;
			sourceTree = "<group>";
		};
		C72544272C91854D00580224 = {
			isa = PBXGroup;
			children = (
				C7432CFA2CACCF94003221E9 /* DropDown.xcodeproj */,
				C72544322C91854D00580224 /* RogueWord */,
				C725444C2C91854F00580224 /* RogueWordTests */,
				C72544562C91854F00580224 /* RogueWordUITests */,
				C72544312C91854D00580224 /* Products */,
				C70B72542C9A7AFB001011D6 /* Frameworks */,
			);
			sourceTree = "<group>";
		};
		C72544312C91854D00580224 /* Products */ = {
			isa = PBXGroup;
			children = (
				C72544302C91854D00580224 /* RogueWord.app */,
				C72544492C91854F00580224 /* RogueWordTests.xctest */,
				C72544532C91854F00580224 /* RogueWordUITests.xctest */,
			);
			name = Products;
			sourceTree = "<group>";
		};
		C72544322C91854D00580224 /* RogueWord */ = {
			isa = PBXGroup;
			children = (
				C7E0B0A52CA0727A003395B3 /* HomePage */,
				C7432D712CB2CC9F003221E9 /* TabBarController.swift */,
				C7432D1F2CAE5FD9003221E9 /* BattlePage */,
				C7CDBEE52CA7BB070023CF21 /* CollectionPage */,
				C7E0B0AC2CA081FD003395B3 /* ExamPage */,
				C7E0B0A92CA072C5003395B3 /* LevelUpGame */,
				C7432CEC2CABCCC2003221E9 /* LoginPage */,
				C7B386D92CA43C930000F9CE /* RogueWord.entitlements */,
				C7432D0E2CACE9A6003221E9 /* PersonFilePage */,
				C7E0B0B42CA2555E003395B3 /* WrongQuestionPage */,
				C72544822C92BAF700580224 /* ViewModel */,
				C725443F2C91854F00580224 /* Assets.xcassets */,
				C70B72202C944469001011D6 /* FirebaseToJSONFileUploader.swift */,
				C70B723A2C988540001011D6 /* Model */,
				C70B72442C99EC08001011D6 /* GoogleService-Info.plist */,
				C72544412C91854F00580224 /* LaunchScreen.storyboard */,
				C72544392C91854D00580224 /* Main.storyboard */,
				C72544442C91854F00580224 /* Info.plist */,
				C725443C2C91854D00580224 /* RogueWord.xcdatamodeld */,
				C72544352C91854D00580224 /* SceneDelegate.swift */,
				C7E0B0672C9D631A003395B3 /* ListeningTestCell.swift */,
				C7B386E62CA68E8D0000F9CE /* LoadingViewController.swift */,
				C7E0B0B02CA1079F003395B3 /* FirestoreService.swift */,
				C7CDBEEE2CAA6FCF0023CF21 /* Lottie */,
			);
			path = RogueWord;
			sourceTree = "<group>";
		};
		C725444C2C91854F00580224 /* RogueWordTests */ = {
			isa = PBXGroup;
			children = (
				C725444D2C91854F00580224 /* RogueWordTests.swift */,
			);
			path = RogueWordTests;
			sourceTree = "<group>";
		};
		C72544562C91854F00580224 /* RogueWordUITests */ = {
			isa = PBXGroup;
			children = (
				C72544572C91854F00580224 /* RogueWordUITests.swift */,
				C72544592C91854F00580224 /* RogueWordUITestsLaunchTests.swift */,
			);
			path = RogueWordUITests;
			sourceTree = "<group>";
		};
		C72544822C92BAF700580224 /* ViewModel */ = {
			isa = PBXGroup;
			children = (
				C72544332C91854D00580224 /* AppDelegate.swift */,
				C7E0B0982C9FCDC9003395B3 /* ExamViewModel.swift */,
			);
			path = ViewModel;
			sourceTree = "<group>";
		};
		C7432CEC2CABCCC2003221E9 /* LoginPage */ = {
			isa = PBXGroup;
			children = (
				C7432CE82CABCC1A003221E9 /* LoginModel.swift */,
				C72544872C92BB6900580224 /* LoginViewModel.swift */,
				C72544772C92BA1700580224 /* LoginViewController.swift */,
			);
			path = LoginPage;
			sourceTree = "<group>";
		};
		C7432CFB2CACCF94003221E9 /* Products */ = {
			isa = PBXGroup;
			children = (
				C7432D012CACCF94003221E9 /* Demo.app */,
				C7432D032CACCF94003221E9 /* DropDownTests.xctest */,
				C7432D052CACCF94003221E9 /* DropDown.framework */,
			);
			name = Products;
			sourceTree = "<group>";
		};
		C7432D0E2CACE9A6003221E9 /* PersonFilePage */ = {
			isa = PBXGroup;
			children = (
				C7E0B0A12CA05FDC003395B3 /* PersonFileViewController.swift */,
				C7E0B0A32CA061F3003395B3 /* PersonFileCell.swift */,
				C7432D112CAD17FE003221E9 /* PersonFileViewModel.swift */,
			);
			path = PersonFilePage;
			sourceTree = "<group>";
		};
		C7432D1F2CAE5FD9003221E9 /* BattlePage */ = {
			isa = PBXGroup;
			children = (
				C7432D732CB2E325003221E9 /* BattleGameScene.swift */,
				C74264E92CBC1DD200FCF5D2 /* RoomViewController.swift */,
				C70B72362C97F8BB001011D6 /* BattlePlay1ViewController.swift */,
				C70B72342C97BE24001011D6 /* BattleViewController.swift */,
				C74264EB2CBC1E6900FCF5D2 /* QRCodeScannerViewController.swift */,
			);
			path = BattlePage;
			sourceTree = "<group>";
		};
		C7CDBEE52CA7BB070023CF21 /* CollectionPage */ = {
			isa = PBXGroup;
			children = (
				C7CDBEE72CA7BB3C0023CF21 /* ViewModel */,
				C7CDBEE62CA7BB130023CF21 /* VIew */,
			);
			path = CollectionPage;
			sourceTree = "<group>";
		};
		C7CDBEE62CA7BB130023CF21 /* VIew */ = {
			isa = PBXGroup;
			children = (
				C7432D5A2CB1A55E003221E9 /* CollectionViewController.swift */,
				C74264ED2CBC360400FCF5D2 /* CollectionPageGameViewController.swift */,
				C74264F32CBCA76000FCF5D2 /* UnitGameViewController.swift */,
				C725447C2C92BA6100580224 /* CollectionPageViewController.swift */,
				C72544852C92BB3E00580224 /* CollectionPageCell.swift */,
				C70B725B2C9ACE2C001011D6 /* CollectionTagCell.swift */,
			);
			path = VIew;
			sourceTree = "<group>";
		};
		C7CDBEE72CA7BB3C0023CF21 /* ViewModel */ = {
			isa = PBXGroup;
			children = (
				C7432D582CB1A4B4003221E9 /* CollectionGameScene.swift */,
				C725447E2C92BA7E00580224 /* CollectionPageViewModel.swift */,
			);
			path = ViewModel;
			sourceTree = "<group>";
		};
		C7CDBEEE2CAA6FCF0023CF21 /* Lottie */ = {
			isa = PBXGroup;
			children = (
				C7432CA92CAA841F003221E9 /* CountDown.json */,
				C7B327792CB589EA006EAC93 /* searchBattle.json */,
				C7432D542CB0F367003221E9 /* LoadingImage.json */,
			);
			path = Lottie;
			sourceTree = "<group>";
		};
		C7E0B0A52CA0727A003395B3 /* HomePage */ = {
			isa = PBXGroup;
			children = (
				C7E0B0A62CA0728E003395B3 /* View */,
				C7E0B0A72CA07295003395B3 /* ViewModel */,
			);
			path = HomePage;
			sourceTree = "<group>";
		};
		C7E0B0A62CA0728E003395B3 /* View */ = {
			isa = PBXGroup;
			children = (
				C7432D6F2CB27BEA003221E9 /* HomeGameViewController.swift */,
				C7432D6C2CB27BAF003221E9 /* HomeGameScene.swift */,
			);
			path = View;
			sourceTree = "<group>";
		};
		C7E0B0A72CA07295003395B3 /* ViewModel */ = {
			isa = PBXGroup;
			children = (
				C72544892C92BB8C00580224 /* HomeModel.swift */,
			);
			path = ViewModel;
			sourceTree = "<group>";
		};
		C7E0B0A92CA072C5003395B3 /* LevelUpGame */ = {
			isa = PBXGroup;
			children = (
				C7E0B0AB2CA072D7003395B3 /* ViewModel */,
				C7E0B0AA2CA072D3003395B3 /* View */,
			);
			path = LevelUpGame;
			sourceTree = "<group>";
		};
		C7E0B0AA2CA072D3003395B3 /* View */ = {
			isa = PBXGroup;
			children = (
				C72544802C92BAB500580224 /* LevelUpGamePageViewController.swift */,
				C7856BE72CB8337700842B94 /* SentenceFillGamePageViewController.swift */,
				C74264A12CB9910A00FCF5D2 /* SayingGoesPageViewController.swift */,
			);
			path = View;
			sourceTree = "<group>";
		};
		C7E0B0AB2CA072D7003395B3 /* ViewModel */ = {
			isa = PBXGroup;
			children = (
				C72544832C92BB0F00580224 /* LevelUpGamePageModel.swift */,
				C7856BE92CB834BF00842B94 /* SentenceFillGamePageModel.swift */,
			);
			path = ViewModel;
			sourceTree = "<group>";
		};
		C7E0B0AC2CA081FD003395B3 /* ExamPage */ = {
			isa = PBXGroup;
			children = (
				C7E0B0AD2CA0820B003395B3 /* View */,
			);
			path = ExamPage;
			sourceTree = "<group>";
		};
		C7E0B0AD2CA0820B003395B3 /* View */ = {
			isa = PBXGroup;
			children = (
				C70B72262C968AFE001011D6 /* WordFillInTheBlankPageViewController.swift */,
				C70B722C2C96D55E001011D6 /* ParagraphFillInTheBlanksViewController.swift */,
				C70B72302C9738F2001011D6 /* ReadingViewController.swift */,
				C70B722E2C96E61D001011D6 /* ParagraphCell.swift */,
				C7E0B0652C9D4B0D003395B3 /* ReadingTestCell.swift */,
				C70B722A2C96C0F0001011D6 /* QuestionPageCell.swift */,
				C70B72282C968E37001011D6 /* ExamViewController.swift */,
				C7432D4B2CAFD969003221E9 /* GameScene.swift */,
				C7B386CE2CA3A7DD0000F9CE /* ExamCardCell.swift */,
			);
			path = View;
			sourceTree = "<group>";
		};
		C7E0B0B42CA2555E003395B3 /* WrongQuestionPage */ = {
			isa = PBXGroup;
			children = (
				C7E0B0B52CA2556D003395B3 /* View */,
			);
			path = WrongQuestionPage;
			sourceTree = "<group>";
		};
		C7E0B0B52CA2556D003395B3 /* View */ = {
			isa = PBXGroup;
			children = (
				C7E0B0AE2CA08ACE003395B3 /* WrongQuestionsPage.swift */,
				C7E0B0B22CA170E1003395B3 /* WrongQuestionWordVC.swift */,
				C7E0B0B62CA26561003395B3 /* WrongQuestionParagraphVC.swift */,
				C7E0B0B82CA284D5003395B3 /* WrongQuestionReadingVC.swift */,
			);
			path = View;
			sourceTree = "<group>";
		};
/* End PBXGroup section */

/* Begin PBXNativeTarget section */
		C725442F2C91854D00580224 /* RogueWord */ = {
			isa = PBXNativeTarget;
			buildConfigurationList = C725445D2C91854F00580224 /* Build configuration list for PBXNativeTarget "RogueWord" */;
			buildPhases = (
				C725442C2C91854D00580224 /* Sources */,
				C725442D2C91854D00580224 /* Frameworks */,
				C725442E2C91854D00580224 /* Resources */,
				C70B723F2C99BD62001011D6 /* ShellScript */,
				C70B72572C9A7AFB001011D6 /* Embed Frameworks */,
				C7432CCA2CABBAF5003221E9 /* Embed Foundation Extensions */,
			);
			buildRules = (
			);
			dependencies = (
			);
			name = RogueWord;
			packageProductDependencies = (
				C7856BDC2CB77C8D00842B94 /* Lottie */,
				C7856BDF2CB77C9A00842B94 /* SnapKit */,
				C74264B92CBC192000FCF5D2 /* FirebaseAnalytics */,
				C74264BB2CBC192000FCF5D2 /* FirebaseAnalyticsOnDeviceConversion */,
				C74264BD2CBC192000FCF5D2 /* FirebaseAnalyticsWithoutAdIdSupport */,
				C74264BF2CBC192000FCF5D2 /* FirebaseAppCheck */,
				C74264C12CBC192000FCF5D2 /* FirebaseAppDistribution-Beta */,
				C74264C32CBC192000FCF5D2 /* FirebaseAuth */,
				C74264C52CBC192000FCF5D2 /* FirebaseAuthCombine-Community */,
				C74264C72CBC192000FCF5D2 /* FirebaseCore */,
				C74264C92CBC192000FCF5D2 /* FirebaseCrashlytics */,
				C74264CB2CBC192000FCF5D2 /* FirebaseDatabase */,
				C74264CD2CBC192000FCF5D2 /* FirebaseDynamicLinks */,
				C74264CF2CBC192000FCF5D2 /* FirebaseFirestore */,
				C74264D12CBC192000FCF5D2 /* FirebaseFirestoreCombine-Community */,
				C74264D32CBC192000FCF5D2 /* FirebaseFunctions */,
				C74264D52CBC192000FCF5D2 /* FirebaseFunctionsCombine-Community */,
				C74264D72CBC192000FCF5D2 /* FirebaseInAppMessaging-Beta */,
				C74264D92CBC192000FCF5D2 /* FirebaseInstallations */,
				C74264DB2CBC192000FCF5D2 /* FirebaseMLModelDownloader */,
				C74264DD2CBC192000FCF5D2 /* FirebaseMessaging */,
				C74264DF2CBC192000FCF5D2 /* FirebasePerformance */,
				C74264E12CBC192000FCF5D2 /* FirebaseRemoteConfig */,
				C74264E32CBC192000FCF5D2 /* FirebaseStorage */,
				C74264E52CBC192000FCF5D2 /* FirebaseStorageCombine-Community */,
				C74264E72CBC192000FCF5D2 /* FirebaseVertexAI-Preview */,
			);
			productName = RogueWord;
			productReference = C72544302C91854D00580224 /* RogueWord.app */;
			productType = "com.apple.product-type.application";
		};
		C72544482C91854F00580224 /* RogueWordTests */ = {
			isa = PBXNativeTarget;
			buildConfigurationList = C72544602C91854F00580224 /* Build configuration list for PBXNativeTarget "RogueWordTests" */;
			buildPhases = (
				C72544452C91854F00580224 /* Sources */,
				C72544462C91854F00580224 /* Frameworks */,
				C72544472C91854F00580224 /* Resources */,
			);
			buildRules = (
			);
			dependencies = (
				C725444B2C91854F00580224 /* PBXTargetDependency */,
			);
			name = RogueWordTests;
			productName = RogueWordTests;
			productReference = C72544492C91854F00580224 /* RogueWordTests.xctest */;
			productType = "com.apple.product-type.bundle.unit-test";
		};
		C72544522C91854F00580224 /* RogueWordUITests */ = {
			isa = PBXNativeTarget;
			buildConfigurationList = C72544632C91854F00580224 /* Build configuration list for PBXNativeTarget "RogueWordUITests" */;
			buildPhases = (
				C725444F2C91854F00580224 /* Sources */,
				C72544502C91854F00580224 /* Frameworks */,
				C72544512C91854F00580224 /* Resources */,
			);
			buildRules = (
			);
			dependencies = (
				C72544552C91854F00580224 /* PBXTargetDependency */,
			);
			name = RogueWordUITests;
			productName = RogueWordUITests;
			productReference = C72544532C91854F00580224 /* RogueWordUITests.xctest */;
			productType = "com.apple.product-type.bundle.ui-testing";
		};
/* End PBXNativeTarget section */

/* Begin PBXProject section */
		C72544282C91854D00580224 /* Project object */ = {
			isa = PBXProject;
			attributes = {
				BuildIndependentTargetsInParallel = 1;
				LastSwiftUpdateCheck = 1530;
				LastUpgradeCheck = 1530;
				TargetAttributes = {
					C725442F2C91854D00580224 = {
						CreatedOnToolsVersion = 15.3;
					};
					C72544482C91854F00580224 = {
						CreatedOnToolsVersion = 15.3;
						TestTargetID = C725442F2C91854D00580224;
					};
					C72544522C91854F00580224 = {
						CreatedOnToolsVersion = 15.3;
						TestTargetID = C725442F2C91854D00580224;
					};
				};
			};
			buildConfigurationList = C725442B2C91854D00580224 /* Build configuration list for PBXProject "RogueWord" */;
			compatibilityVersion = "Xcode 14.0";
			developmentRegion = en;
			hasScannedForEncodings = 0;
			knownRegions = (
				en,
				Base,
			);
			mainGroup = C72544272C91854D00580224;
			packageReferences = (
				C7856BDB2CB77C8D00842B94 /* XCRemoteSwiftPackageReference "lottie-spm" */,
				C7856BDE2CB77C9A00842B94 /* XCRemoteSwiftPackageReference "SnapKit" */,
				C74264B82CBC192000FCF5D2 /* XCRemoteSwiftPackageReference "firebase-ios-sdk" */,
			);
			productRefGroup = C72544312C91854D00580224 /* Products */;
			projectDirPath = "";
			projectReferences = (
				{
					ProductGroup = C7432CFB2CACCF94003221E9 /* Products */;
					ProjectRef = C7432CFA2CACCF94003221E9 /* DropDown.xcodeproj */;
				},
			);
			projectRoot = "";
			targets = (
				C725442F2C91854D00580224 /* RogueWord */,
				C72544482C91854F00580224 /* RogueWordTests */,
				C72544522C91854F00580224 /* RogueWordUITests */,
			);
		};
/* End PBXProject section */

/* Begin PBXReferenceProxy section */
		C7432D012CACCF94003221E9 /* Demo.app */ = {
			isa = PBXReferenceProxy;
			fileType = wrapper.application;
			path = Demo.app;
			remoteRef = C7432D002CACCF94003221E9 /* PBXContainerItemProxy */;
			sourceTree = BUILT_PRODUCTS_DIR;
		};
		C7432D032CACCF94003221E9 /* DropDownTests.xctest */ = {
			isa = PBXReferenceProxy;
			fileType = wrapper.cfbundle;
			path = DropDownTests.xctest;
			remoteRef = C7432D022CACCF94003221E9 /* PBXContainerItemProxy */;
			sourceTree = BUILT_PRODUCTS_DIR;
		};
		C7432D052CACCF94003221E9 /* DropDown.framework */ = {
			isa = PBXReferenceProxy;
			fileType = wrapper.framework;
			path = DropDown.framework;
			remoteRef = C7432D042CACCF94003221E9 /* PBXContainerItemProxy */;
			sourceTree = BUILT_PRODUCTS_DIR;
		};
/* End PBXReferenceProxy section */

/* Begin PBXResourcesBuildPhase section */
		C725442E2C91854D00580224 /* Resources */ = {
			isa = PBXResourcesBuildPhase;
			buildActionMask = 2147483647;
			files = (
				C72544402C91854F00580224 /* Assets.xcassets in Resources */,
				C7432CAA2CAA841F003221E9 /* CountDown.json in Resources */,
				C70B72452C99EC08001011D6 /* GoogleService-Info.plist in Resources */,
				C72544432C91854F00580224 /* Base in Resources */,
				C7432D552CB0F368003221E9 /* LoadingImage.json in Resources */,
				C7B3277A2CB589EA006EAC93 /* searchBattle.json in Resources */,
				C725443B2C91854D00580224 /* Base in Resources */,
			);
			runOnlyForDeploymentPostprocessing = 0;
		};
		C72544472C91854F00580224 /* Resources */ = {
			isa = PBXResourcesBuildPhase;
			buildActionMask = 2147483647;
			files = (
			);
			runOnlyForDeploymentPostprocessing = 0;
		};
		C72544512C91854F00580224 /* Resources */ = {
			isa = PBXResourcesBuildPhase;
			buildActionMask = 2147483647;
			files = (
			);
			runOnlyForDeploymentPostprocessing = 0;
		};
/* End PBXResourcesBuildPhase section */

/* Begin PBXShellScriptBuildPhase section */
		C70B723F2C99BD62001011D6 /* ShellScript */ = {
			isa = PBXShellScriptBuildPhase;
			buildActionMask = 2147483647;
			files = (
			);
			inputFileListPaths = (
			);
			inputPaths = (
			);
			outputFileListPaths = (
			);
			outputPaths = (
			);
			runOnlyForDeploymentPostprocessing = 0;
			shellPath = /bin/sh;
			shellScript = "if [[ \"$(uname -m)\" == arm64 ]]; then\n    export PATH=\"/opt/homebrew/bin:$PATH\"\nfi\n\nif which swiftlint > /dev/null; then\n  swiftlint\nelse\n  echo \"warning: SwiftLint not installed, download from https://github.com/realm/SwiftLint\"\nfi\n\n";
		};
/* End PBXShellScriptBuildPhase section */

/* Begin PBXSourcesBuildPhase section */
		C725442C2C91854D00580224 /* Sources */ = {
			isa = PBXSourcesBuildPhase;
			buildActionMask = 2147483647;
			files = (
				C70B722F2C96E61D001011D6 /* ParagraphCell.swift in Sources */,
				C7E0B0B72CA26561003395B3 /* WrongQuestionParagraphVC.swift in Sources */,
				C725443E2C91854D00580224 /* RogueWord.xcdatamodeld in Sources */,
				C7E0B0972C9FCDAB003395B3 /* ExamModel.swift in Sources */,
				C7432D742CB2E325003221E9 /* BattleGameScene.swift in Sources */,
				C72544812C92BAB500580224 /* LevelUpGamePageViewController.swift in Sources */,
				C7432D722CB2CC9F003221E9 /* TabBarController.swift in Sources */,
				C70B72392C988531001011D6 /* BattleRoomModel.swift in Sources */,
				C70B72372C97F8BB001011D6 /* BattlePlay1ViewController.swift in Sources */,
				C7E0B0B32CA170E1003395B3 /* WrongQuestionWordVC.swift in Sources */,
				C74264EC2CBC1E6900FCF5D2 /* QRCodeScannerViewController.swift in Sources */,
				C7E0B0A42CA061F3003395B3 /* PersonFileCell.swift in Sources */,
				C725448A2C92BB8C00580224 /* HomeModel.swift in Sources */,
				C70B72212C944469001011D6 /* FirebaseToJSONFileUploader.swift in Sources */,
				C7B386E72CA68EE50000F9CE /* LoadingViewController.swift in Sources */,
				C725447D2C92BA6100580224 /* CollectionPageViewController.swift in Sources */,
				C74264EA2CBC1DD200FCF5D2 /* RoomViewController.swift in Sources */,
				C74264F42CBCA76000FCF5D2 /* UnitGameViewController.swift in Sources */,
				C70B72292C968E37001011D6 /* ExamViewController.swift in Sources */,
				C70B725C2C9ACE2C001011D6 /* CollectionTagCell.swift in Sources */,
				C7E0B0992C9FCDC9003395B3 /* ExamViewModel.swift in Sources */,
				C72544782C92BA1700580224 /* LoginViewController.swift in Sources */,
				C7E0B0682C9D631A003395B3 /* ListeningTestCell.swift in Sources */,
				C7856BE82CB8337700842B94 /* SentenceFillGamePageViewController.swift in Sources */,
				C7432D592CB1A4B4003221E9 /* CollectionGameScene.swift in Sources */,
				C7432D6D2CB27BAF003221E9 /* HomeGameScene.swift in Sources */,
				C74264EE2CBC360400FCF5D2 /* CollectionPageGameViewController.swift in Sources */,
				C74264A22CB9910A00FCF5D2 /* SayingGoesPageViewController.swift in Sources */,
				C725447F2C92BA7E00580224 /* CollectionPageViewModel.swift in Sources */,
				C72544882C92BB6900580224 /* LoginViewModel.swift in Sources */,
				C7432D5B2CB1A55E003221E9 /* CollectionViewController.swift in Sources */,
				C7E0B0A22CA05FDC003395B3 /* PersonFileViewController.swift in Sources */,
				C70B72352C97BE24001011D6 /* BattleViewController.swift in Sources */,
				C72544862C92BB3E00580224 /* CollectionPageCell.swift in Sources */,
				C7E0B0662C9D4B0D003395B3 /* ReadingTestCell.swift in Sources */,
				C70B72272C968AFE001011D6 /* WordFillInTheBlankPageViewController.swift in Sources */,
				C7E0B0B92CA284D5003395B3 /* WrongQuestionReadingVC.swift in Sources */,
				C70B722B2C96C0F0001011D6 /* QuestionPageCell.swift in Sources */,
				C7432D4C2CAFD969003221E9 /* GameScene.swift in Sources */,
				C70B722D2C96D55E001011D6 /* ParagraphFillInTheBlanksViewController.swift in Sources */,
				C7432D122CAD17FE003221E9 /* PersonFileViewModel.swift in Sources */,
				C7E0B0B12CA1079F003395B3 /* FirestoreService.swift in Sources */,
				C72544342C91854D00580224 /* AppDelegate.swift in Sources */,
				C7856BEA2CB834BF00842B94 /* SentenceFillGamePageModel.swift in Sources */,
				C7B386CF2CA3A7DD0000F9CE /* ExamCardCell.swift in Sources */,
				C7432CE92CABCC1A003221E9 /* LoginModel.swift in Sources */,
				C72544842C92BB0F00580224 /* LevelUpGamePageModel.swift in Sources */,
				C70B72312C9738F2001011D6 /* ReadingViewController.swift in Sources */,
				C72544362C91854D00580224 /* SceneDelegate.swift in Sources */,
				C7432D702CB27BEA003221E9 /* HomeGameViewController.swift in Sources */,
				C7E0B0AF2CA08ACE003395B3 /* WrongQuestionsPage.swift in Sources */,
			);
			runOnlyForDeploymentPostprocessing = 0;
		};
		C72544452C91854F00580224 /* Sources */ = {
			isa = PBXSourcesBuildPhase;
			buildActionMask = 2147483647;
			files = (
				C725444E2C91854F00580224 /* RogueWordTests.swift in Sources */,
			);
			runOnlyForDeploymentPostprocessing = 0;
		};
		C725444F2C91854F00580224 /* Sources */ = {
			isa = PBXSourcesBuildPhase;
			buildActionMask = 2147483647;
			files = (
				C72544582C91854F00580224 /* RogueWordUITests.swift in Sources */,
				C725445A2C91854F00580224 /* RogueWordUITestsLaunchTests.swift in Sources */,
			);
			runOnlyForDeploymentPostprocessing = 0;
		};
/* End PBXSourcesBuildPhase section */

/* Begin PBXTargetDependency section */
		C725444B2C91854F00580224 /* PBXTargetDependency */ = {
			isa = PBXTargetDependency;
			target = C725442F2C91854D00580224 /* RogueWord */;
			targetProxy = C725444A2C91854F00580224 /* PBXContainerItemProxy */;
		};
		C72544552C91854F00580224 /* PBXTargetDependency */ = {
			isa = PBXTargetDependency;
			target = C725442F2C91854D00580224 /* RogueWord */;
			targetProxy = C72544542C91854F00580224 /* PBXContainerItemProxy */;
		};
/* End PBXTargetDependency section */

/* Begin PBXVariantGroup section */
		C72544392C91854D00580224 /* Main.storyboard */ = {
			isa = PBXVariantGroup;
			children = (
				C725443A2C91854D00580224 /* Base */,
			);
			name = Main.storyboard;
			sourceTree = "<group>";
		};
		C72544412C91854F00580224 /* LaunchScreen.storyboard */ = {
			isa = PBXVariantGroup;
			children = (
				C72544422C91854F00580224 /* Base */,
			);
			name = LaunchScreen.storyboard;
			sourceTree = "<group>";
		};
/* End PBXVariantGroup section */

/* Begin XCBuildConfiguration section */
		C725445B2C91854F00580224 /* Debug */ = {
			isa = XCBuildConfiguration;
			buildSettings = {
				ALWAYS_SEARCH_USER_PATHS = NO;
				ASSETCATALOG_COMPILER_GENERATE_SWIFT_ASSET_SYMBOL_EXTENSIONS = YES;
				CLANG_ANALYZER_NONNULL = YES;
				CLANG_ANALYZER_NUMBER_OBJECT_CONVERSION = YES_AGGRESSIVE;
				CLANG_CXX_LANGUAGE_STANDARD = "gnu++20";
				CLANG_ENABLE_MODULES = YES;
				CLANG_ENABLE_OBJC_ARC = YES;
				CLANG_ENABLE_OBJC_WEAK = YES;
				CLANG_WARN_BLOCK_CAPTURE_AUTORELEASING = YES;
				CLANG_WARN_BOOL_CONVERSION = YES;
				CLANG_WARN_COMMA = YES;
				CLANG_WARN_CONSTANT_CONVERSION = YES;
				CLANG_WARN_DEPRECATED_OBJC_IMPLEMENTATIONS = YES;
				CLANG_WARN_DIRECT_OBJC_ISA_USAGE = YES_ERROR;
				CLANG_WARN_DOCUMENTATION_COMMENTS = YES;
				CLANG_WARN_EMPTY_BODY = YES;
				CLANG_WARN_ENUM_CONVERSION = YES;
				CLANG_WARN_INFINITE_RECURSION = YES;
				CLANG_WARN_INT_CONVERSION = YES;
				CLANG_WARN_NON_LITERAL_NULL_CONVERSION = YES;
				CLANG_WARN_OBJC_IMPLICIT_RETAIN_SELF = YES;
				CLANG_WARN_OBJC_LITERAL_CONVERSION = YES;
				CLANG_WARN_OBJC_ROOT_CLASS = YES_ERROR;
				CLANG_WARN_QUOTED_INCLUDE_IN_FRAMEWORK_HEADER = YES;
				CLANG_WARN_RANGE_LOOP_ANALYSIS = YES;
				CLANG_WARN_STRICT_PROTOTYPES = YES;
				CLANG_WARN_SUSPICIOUS_MOVE = YES;
				CLANG_WARN_UNGUARDED_AVAILABILITY = YES_AGGRESSIVE;
				CLANG_WARN_UNREACHABLE_CODE = YES;
				CLANG_WARN__DUPLICATE_METHOD_MATCH = YES;
				COPY_PHASE_STRIP = NO;
				DEBUG_INFORMATION_FORMAT = dwarf;
				ENABLE_STRICT_OBJC_MSGSEND = YES;
				ENABLE_TESTABILITY = YES;
				ENABLE_USER_SCRIPT_SANDBOXING = YES;
				GCC_C_LANGUAGE_STANDARD = gnu17;
				GCC_DYNAMIC_NO_PIC = NO;
				GCC_NO_COMMON_BLOCKS = YES;
				GCC_OPTIMIZATION_LEVEL = 0;
				GCC_PREPROCESSOR_DEFINITIONS = (
					"DEBUG=1",
					"$(inherited)",
				);
				GCC_WARN_64_TO_32_BIT_CONVERSION = YES;
				GCC_WARN_ABOUT_RETURN_TYPE = YES_ERROR;
				GCC_WARN_UNDECLARED_SELECTOR = YES;
				GCC_WARN_UNINITIALIZED_AUTOS = YES_AGGRESSIVE;
				GCC_WARN_UNUSED_FUNCTION = YES;
				GCC_WARN_UNUSED_VARIABLE = YES;
				IPHONEOS_DEPLOYMENT_TARGET = 17.4;
				LOCALIZATION_PREFERS_STRING_CATALOGS = YES;
				MTL_ENABLE_DEBUG_INFO = INCLUDE_SOURCE;
				MTL_FAST_MATH = YES;
				ONLY_ACTIVE_ARCH = YES;
				SDKROOT = iphoneos;
				SWIFT_ACTIVE_COMPILATION_CONDITIONS = "DEBUG $(inherited)";
				SWIFT_OPTIMIZATION_LEVEL = "-Onone";
			};
			name = Debug;
		};
		C725445C2C91854F00580224 /* Release */ = {
			isa = XCBuildConfiguration;
			buildSettings = {
				ALWAYS_SEARCH_USER_PATHS = NO;
				ASSETCATALOG_COMPILER_GENERATE_SWIFT_ASSET_SYMBOL_EXTENSIONS = YES;
				CLANG_ANALYZER_NONNULL = YES;
				CLANG_ANALYZER_NUMBER_OBJECT_CONVERSION = YES_AGGRESSIVE;
				CLANG_CXX_LANGUAGE_STANDARD = "gnu++20";
				CLANG_ENABLE_MODULES = YES;
				CLANG_ENABLE_OBJC_ARC = YES;
				CLANG_ENABLE_OBJC_WEAK = YES;
				CLANG_WARN_BLOCK_CAPTURE_AUTORELEASING = YES;
				CLANG_WARN_BOOL_CONVERSION = YES;
				CLANG_WARN_COMMA = YES;
				CLANG_WARN_CONSTANT_CONVERSION = YES;
				CLANG_WARN_DEPRECATED_OBJC_IMPLEMENTATIONS = YES;
				CLANG_WARN_DIRECT_OBJC_ISA_USAGE = YES_ERROR;
				CLANG_WARN_DOCUMENTATION_COMMENTS = YES;
				CLANG_WARN_EMPTY_BODY = YES;
				CLANG_WARN_ENUM_CONVERSION = YES;
				CLANG_WARN_INFINITE_RECURSION = YES;
				CLANG_WARN_INT_CONVERSION = YES;
				CLANG_WARN_NON_LITERAL_NULL_CONVERSION = YES;
				CLANG_WARN_OBJC_IMPLICIT_RETAIN_SELF = YES;
				CLANG_WARN_OBJC_LITERAL_CONVERSION = YES;
				CLANG_WARN_OBJC_ROOT_CLASS = YES_ERROR;
				CLANG_WARN_QUOTED_INCLUDE_IN_FRAMEWORK_HEADER = YES;
				CLANG_WARN_RANGE_LOOP_ANALYSIS = YES;
				CLANG_WARN_STRICT_PROTOTYPES = YES;
				CLANG_WARN_SUSPICIOUS_MOVE = YES;
				CLANG_WARN_UNGUARDED_AVAILABILITY = YES_AGGRESSIVE;
				CLANG_WARN_UNREACHABLE_CODE = YES;
				CLANG_WARN__DUPLICATE_METHOD_MATCH = YES;
				COPY_PHASE_STRIP = NO;
				DEBUG_INFORMATION_FORMAT = "dwarf-with-dsym";
				ENABLE_NS_ASSERTIONS = NO;
				ENABLE_STRICT_OBJC_MSGSEND = YES;
				ENABLE_USER_SCRIPT_SANDBOXING = YES;
				GCC_C_LANGUAGE_STANDARD = gnu17;
				GCC_NO_COMMON_BLOCKS = YES;
				GCC_WARN_64_TO_32_BIT_CONVERSION = YES;
				GCC_WARN_ABOUT_RETURN_TYPE = YES_ERROR;
				GCC_WARN_UNDECLARED_SELECTOR = YES;
				GCC_WARN_UNINITIALIZED_AUTOS = YES_AGGRESSIVE;
				GCC_WARN_UNUSED_FUNCTION = YES;
				GCC_WARN_UNUSED_VARIABLE = YES;
				IPHONEOS_DEPLOYMENT_TARGET = 17.4;
				LOCALIZATION_PREFERS_STRING_CATALOGS = YES;
				MTL_ENABLE_DEBUG_INFO = NO;
				MTL_FAST_MATH = YES;
				SDKROOT = iphoneos;
				SWIFT_COMPILATION_MODE = wholemodule;
				VALIDATE_PRODUCT = YES;
			};
			name = Release;
		};
		C725445E2C91854F00580224 /* Debug */ = {
			isa = XCBuildConfiguration;
			buildSettings = {
				ALWAYS_EMBED_SWIFT_STANDARD_LIBRARIES = YES;
				ASSETCATALOG_COMPILER_APPICON_NAME = AppIcon;
				ASSETCATALOG_COMPILER_GLOBAL_ACCENT_COLOR_NAME = AccentColor;
				CODE_SIGN_ENTITLEMENTS = RogueWord/RogueWord.entitlements;
				CODE_SIGN_STYLE = Automatic;
				CURRENT_PROJECT_VERSION = 1;
				DEVELOPMENT_TEAM = 7346552Z5J;
				ENABLE_USER_SCRIPT_SANDBOXING = NO;
				GENERATE_INFOPLIST_FILE = YES;
				INFOPLIST_FILE = RogueWord/Info.plist;
				INFOPLIST_KEY_CFBundleDisplayName = "";
				INFOPLIST_KEY_LSApplicationCategoryType = "";
				INFOPLIST_KEY_NSCameraUsageDescription = "我們需要使用您的相機來拍攝照片，設置您的個人頭像";
				INFOPLIST_KEY_UIApplicationSupportsIndirectInputEvents = YES;
				INFOPLIST_KEY_UILaunchStoryboardName = LaunchScreen;
				INFOPLIST_KEY_UIMainStoryboardFile = Main;
				INFOPLIST_KEY_UISupportedInterfaceOrientations_iPad = "UIInterfaceOrientationPortrait UIInterfaceOrientationPortraitUpsideDown UIInterfaceOrientationLandscapeLeft UIInterfaceOrientationLandscapeRight";
				INFOPLIST_KEY_UISupportedInterfaceOrientations_iPhone = "UIInterfaceOrientationPortrait UIInterfaceOrientationLandscapeLeft UIInterfaceOrientationLandscapeRight";
				IPHONEOS_DEPLOYMENT_TARGET = 17.0;
				LD_RUNPATH_SEARCH_PATHS = (
					"$(inherited)",
					"@executable_path/Frameworks",
				);
				MARKETING_VERSION = 1.0;
				PRODUCT_BUNDLE_IDENTIFIER = com.YuanDongZheng.RogueWord;
				PRODUCT_NAME = "$(TARGET_NAME)";
				SWIFT_EMIT_LOC_STRINGS = YES;
				SWIFT_PRECOMPILE_BRIDGING_HEADER = NO;
				SWIFT_VERSION = 5.0;
				TARGETED_DEVICE_FAMILY = "1,2";
			};
			name = Debug;
		};
		C725445F2C91854F00580224 /* Release */ = {
			isa = XCBuildConfiguration;
			buildSettings = {
				ALWAYS_EMBED_SWIFT_STANDARD_LIBRARIES = YES;
				ASSETCATALOG_COMPILER_APPICON_NAME = AppIcon;
				ASSETCATALOG_COMPILER_GLOBAL_ACCENT_COLOR_NAME = AccentColor;
				CODE_SIGN_ENTITLEMENTS = RogueWord/RogueWord.entitlements;
				CODE_SIGN_STYLE = Automatic;
				CURRENT_PROJECT_VERSION = 1;
				DEVELOPMENT_TEAM = 7346552Z5J;
				ENABLE_USER_SCRIPT_SANDBOXING = NO;
				GENERATE_INFOPLIST_FILE = YES;
				INFOPLIST_FILE = RogueWord/Info.plist;
				INFOPLIST_KEY_CFBundleDisplayName = "";
				INFOPLIST_KEY_LSApplicationCategoryType = "";
				INFOPLIST_KEY_NSCameraUsageDescription = "我們需要使用您的相機來拍攝照片，設置您的個人頭像";
				INFOPLIST_KEY_UIApplicationSupportsIndirectInputEvents = YES;
				INFOPLIST_KEY_UILaunchStoryboardName = LaunchScreen;
				INFOPLIST_KEY_UIMainStoryboardFile = Main;
				INFOPLIST_KEY_UISupportedInterfaceOrientations_iPad = "UIInterfaceOrientationPortrait UIInterfaceOrientationPortraitUpsideDown UIInterfaceOrientationLandscapeLeft UIInterfaceOrientationLandscapeRight";
				INFOPLIST_KEY_UISupportedInterfaceOrientations_iPhone = "UIInterfaceOrientationPortrait UIInterfaceOrientationLandscapeLeft UIInterfaceOrientationLandscapeRight";
				IPHONEOS_DEPLOYMENT_TARGET = 17.0;
				LD_RUNPATH_SEARCH_PATHS = (
					"$(inherited)",
					"@executable_path/Frameworks",
				);
				MARKETING_VERSION = 1.0;
				PRODUCT_BUNDLE_IDENTIFIER = com.YuanDongZheng.RogueWord;
				PRODUCT_NAME = "$(TARGET_NAME)";
				SWIFT_EMIT_LOC_STRINGS = YES;
				SWIFT_PRECOMPILE_BRIDGING_HEADER = NO;
				SWIFT_VERSION = 5.0;
				TARGETED_DEVICE_FAMILY = "1,2";
			};
			name = Release;
		};
		C72544612C91854F00580224 /* Debug */ = {
			isa = XCBuildConfiguration;
			buildSettings = {
				ALWAYS_EMBED_SWIFT_STANDARD_LIBRARIES = YES;
				BUNDLE_LOADER = "$(TEST_HOST)";
				CODE_SIGN_STYLE = Automatic;
				CURRENT_PROJECT_VERSION = 1;
				GENERATE_INFOPLIST_FILE = YES;
				IPHONEOS_DEPLOYMENT_TARGET = 17.4;
				MARKETING_VERSION = 1.0;
				PRODUCT_BUNDLE_IDENTIFIER = com.YuanDongZheng.RogueWordTests;
				PRODUCT_NAME = "$(TARGET_NAME)";
				SWIFT_EMIT_LOC_STRINGS = NO;
				SWIFT_VERSION = 5.0;
				TARGETED_DEVICE_FAMILY = "1,2";
				TEST_HOST = "$(BUILT_PRODUCTS_DIR)/RogueWord.app/$(BUNDLE_EXECUTABLE_FOLDER_PATH)/RogueWord";
			};
			name = Debug;
		};
		C72544622C91854F00580224 /* Release */ = {
			isa = XCBuildConfiguration;
			buildSettings = {
				ALWAYS_EMBED_SWIFT_STANDARD_LIBRARIES = YES;
				BUNDLE_LOADER = "$(TEST_HOST)";
				CODE_SIGN_STYLE = Automatic;
				CURRENT_PROJECT_VERSION = 1;
				GENERATE_INFOPLIST_FILE = YES;
				IPHONEOS_DEPLOYMENT_TARGET = 17.4;
				MARKETING_VERSION = 1.0;
				PRODUCT_BUNDLE_IDENTIFIER = com.YuanDongZheng.RogueWordTests;
				PRODUCT_NAME = "$(TARGET_NAME)";
				SWIFT_EMIT_LOC_STRINGS = NO;
				SWIFT_VERSION = 5.0;
				TARGETED_DEVICE_FAMILY = "1,2";
				TEST_HOST = "$(BUILT_PRODUCTS_DIR)/RogueWord.app/$(BUNDLE_EXECUTABLE_FOLDER_PATH)/RogueWord";
			};
			name = Release;
		};
		C72544642C91854F00580224 /* Debug */ = {
			isa = XCBuildConfiguration;
			buildSettings = {
				ALWAYS_EMBED_SWIFT_STANDARD_LIBRARIES = YES;
				CODE_SIGN_STYLE = Automatic;
				CURRENT_PROJECT_VERSION = 1;
				GENERATE_INFOPLIST_FILE = YES;
				MARKETING_VERSION = 1.0;
				PRODUCT_BUNDLE_IDENTIFIER = com.YuanDongZheng.RogueWordUITests;
				PRODUCT_NAME = "$(TARGET_NAME)";
				SWIFT_EMIT_LOC_STRINGS = NO;
				SWIFT_VERSION = 5.0;
				TARGETED_DEVICE_FAMILY = "1,2";
				TEST_TARGET_NAME = RogueWord;
			};
			name = Debug;
		};
		C72544652C91854F00580224 /* Release */ = {
			isa = XCBuildConfiguration;
			buildSettings = {
				ALWAYS_EMBED_SWIFT_STANDARD_LIBRARIES = YES;
				CODE_SIGN_STYLE = Automatic;
				CURRENT_PROJECT_VERSION = 1;
				GENERATE_INFOPLIST_FILE = YES;
				MARKETING_VERSION = 1.0;
				PRODUCT_BUNDLE_IDENTIFIER = com.YuanDongZheng.RogueWordUITests;
				PRODUCT_NAME = "$(TARGET_NAME)";
				SWIFT_EMIT_LOC_STRINGS = NO;
				SWIFT_VERSION = 5.0;
				TARGETED_DEVICE_FAMILY = "1,2";
				TEST_TARGET_NAME = RogueWord;
			};
			name = Release;
		};
/* End XCBuildConfiguration section */

/* Begin XCConfigurationList section */
		C725442B2C91854D00580224 /* Build configuration list for PBXProject "RogueWord" */ = {
			isa = XCConfigurationList;
			buildConfigurations = (
				C725445B2C91854F00580224 /* Debug */,
				C725445C2C91854F00580224 /* Release */,
			);
			defaultConfigurationIsVisible = 0;
			defaultConfigurationName = Release;
		};
		C725445D2C91854F00580224 /* Build configuration list for PBXNativeTarget "RogueWord" */ = {
			isa = XCConfigurationList;
			buildConfigurations = (
				C725445E2C91854F00580224 /* Debug */,
				C725445F2C91854F00580224 /* Release */,
			);
			defaultConfigurationIsVisible = 0;
			defaultConfigurationName = Release;
		};
		C72544602C91854F00580224 /* Build configuration list for PBXNativeTarget "RogueWordTests" */ = {
			isa = XCConfigurationList;
			buildConfigurations = (
				C72544612C91854F00580224 /* Debug */,
				C72544622C91854F00580224 /* Release */,
			);
			defaultConfigurationIsVisible = 0;
			defaultConfigurationName = Release;
		};
		C72544632C91854F00580224 /* Build configuration list for PBXNativeTarget "RogueWordUITests" */ = {
			isa = XCConfigurationList;
			buildConfigurations = (
				C72544642C91854F00580224 /* Debug */,
				C72544652C91854F00580224 /* Release */,
			);
			defaultConfigurationIsVisible = 0;
			defaultConfigurationName = Release;
		};
/* End XCConfigurationList section */

/* Begin XCRemoteSwiftPackageReference section */
		C74264B82CBC192000FCF5D2 /* XCRemoteSwiftPackageReference "firebase-ios-sdk" */ = {
			isa = XCRemoteSwiftPackageReference;
			repositoryURL = "https://github.com/firebase/firebase-ios-sdk";
			requirement = {
				kind = upToNextMajorVersion;
				minimumVersion = 11.3.0;
			};
		};
		C7856BDB2CB77C8D00842B94 /* XCRemoteSwiftPackageReference "lottie-spm" */ = {
			isa = XCRemoteSwiftPackageReference;
			repositoryURL = "https://github.com/airbnb/lottie-spm.git";
			requirement = {
				kind = upToNextMajorVersion;
				minimumVersion = 4.5.0;
			};
		};
		C7856BDE2CB77C9A00842B94 /* XCRemoteSwiftPackageReference "SnapKit" */ = {
			isa = XCRemoteSwiftPackageReference;
			repositoryURL = "https://github.com/SnapKit/SnapKit.git";
			requirement = {
				kind = upToNextMajorVersion;
				minimumVersion = 5.7.1;
			};
		};
/* End XCRemoteSwiftPackageReference section */

/* Begin XCSwiftPackageProductDependency section */
		C74264B92CBC192000FCF5D2 /* FirebaseAnalytics */ = {
			isa = XCSwiftPackageProductDependency;
			package = C74264B82CBC192000FCF5D2 /* XCRemoteSwiftPackageReference "firebase-ios-sdk" */;
			productName = FirebaseAnalytics;
		};
		C74264BB2CBC192000FCF5D2 /* FirebaseAnalyticsOnDeviceConversion */ = {
			isa = XCSwiftPackageProductDependency;
			package = C74264B82CBC192000FCF5D2 /* XCRemoteSwiftPackageReference "firebase-ios-sdk" */;
			productName = FirebaseAnalyticsOnDeviceConversion;
		};
		C74264BD2CBC192000FCF5D2 /* FirebaseAnalyticsWithoutAdIdSupport */ = {
			isa = XCSwiftPackageProductDependency;
			package = C74264B82CBC192000FCF5D2 /* XCRemoteSwiftPackageReference "firebase-ios-sdk" */;
			productName = FirebaseAnalyticsWithoutAdIdSupport;
		};
		C74264BF2CBC192000FCF5D2 /* FirebaseAppCheck */ = {
			isa = XCSwiftPackageProductDependency;
			package = C74264B82CBC192000FCF5D2 /* XCRemoteSwiftPackageReference "firebase-ios-sdk" */;
			productName = FirebaseAppCheck;
		};
		C74264C12CBC192000FCF5D2 /* FirebaseAppDistribution-Beta */ = {
			isa = XCSwiftPackageProductDependency;
			package = C74264B82CBC192000FCF5D2 /* XCRemoteSwiftPackageReference "firebase-ios-sdk" */;
			productName = "FirebaseAppDistribution-Beta";
		};
		C74264C32CBC192000FCF5D2 /* FirebaseAuth */ = {
			isa = XCSwiftPackageProductDependency;
			package = C74264B82CBC192000FCF5D2 /* XCRemoteSwiftPackageReference "firebase-ios-sdk" */;
			productName = FirebaseAuth;
		};
		C74264C52CBC192000FCF5D2 /* FirebaseAuthCombine-Community */ = {
			isa = XCSwiftPackageProductDependency;
			package = C74264B82CBC192000FCF5D2 /* XCRemoteSwiftPackageReference "firebase-ios-sdk" */;
			productName = "FirebaseAuthCombine-Community";
		};
		C74264C72CBC192000FCF5D2 /* FirebaseCore */ = {
			isa = XCSwiftPackageProductDependency;
			package = C74264B82CBC192000FCF5D2 /* XCRemoteSwiftPackageReference "firebase-ios-sdk" */;
			productName = FirebaseCore;
		};
		C74264C92CBC192000FCF5D2 /* FirebaseCrashlytics */ = {
			isa = XCSwiftPackageProductDependency;
			package = C74264B82CBC192000FCF5D2 /* XCRemoteSwiftPackageReference "firebase-ios-sdk" */;
			productName = FirebaseCrashlytics;
		};
		C74264CB2CBC192000FCF5D2 /* FirebaseDatabase */ = {
			isa = XCSwiftPackageProductDependency;
			package = C74264B82CBC192000FCF5D2 /* XCRemoteSwiftPackageReference "firebase-ios-sdk" */;
			productName = FirebaseDatabase;
		};
		C74264CD2CBC192000FCF5D2 /* FirebaseDynamicLinks */ = {
			isa = XCSwiftPackageProductDependency;
			package = C74264B82CBC192000FCF5D2 /* XCRemoteSwiftPackageReference "firebase-ios-sdk" */;
			productName = FirebaseDynamicLinks;
		};
		C74264CF2CBC192000FCF5D2 /* FirebaseFirestore */ = {
			isa = XCSwiftPackageProductDependency;
			package = C74264B82CBC192000FCF5D2 /* XCRemoteSwiftPackageReference "firebase-ios-sdk" */;
			productName = FirebaseFirestore;
		};
		C74264D12CBC192000FCF5D2 /* FirebaseFirestoreCombine-Community */ = {
			isa = XCSwiftPackageProductDependency;
			package = C74264B82CBC192000FCF5D2 /* XCRemoteSwiftPackageReference "firebase-ios-sdk" */;
			productName = "FirebaseFirestoreCombine-Community";
		};
		C74264D32CBC192000FCF5D2 /* FirebaseFunctions */ = {
			isa = XCSwiftPackageProductDependency;
			package = C74264B82CBC192000FCF5D2 /* XCRemoteSwiftPackageReference "firebase-ios-sdk" */;
			productName = FirebaseFunctions;
		};
		C74264D52CBC192000FCF5D2 /* FirebaseFunctionsCombine-Community */ = {
			isa = XCSwiftPackageProductDependency;
			package = C74264B82CBC192000FCF5D2 /* XCRemoteSwiftPackageReference "firebase-ios-sdk" */;
			productName = "FirebaseFunctionsCombine-Community";
		};
		C74264D72CBC192000FCF5D2 /* FirebaseInAppMessaging-Beta */ = {
			isa = XCSwiftPackageProductDependency;
			package = C74264B82CBC192000FCF5D2 /* XCRemoteSwiftPackageReference "firebase-ios-sdk" */;
			productName = "FirebaseInAppMessaging-Beta";
		};
		C74264D92CBC192000FCF5D2 /* FirebaseInstallations */ = {
			isa = XCSwiftPackageProductDependency;
			package = C74264B82CBC192000FCF5D2 /* XCRemoteSwiftPackageReference "firebase-ios-sdk" */;
			productName = FirebaseInstallations;
		};
		C74264DB2CBC192000FCF5D2 /* FirebaseMLModelDownloader */ = {
			isa = XCSwiftPackageProductDependency;
			package = C74264B82CBC192000FCF5D2 /* XCRemoteSwiftPackageReference "firebase-ios-sdk" */;
			productName = FirebaseMLModelDownloader;
		};
		C74264DD2CBC192000FCF5D2 /* FirebaseMessaging */ = {
			isa = XCSwiftPackageProductDependency;
			package = C74264B82CBC192000FCF5D2 /* XCRemoteSwiftPackageReference "firebase-ios-sdk" */;
			productName = FirebaseMessaging;
		};
		C74264DF2CBC192000FCF5D2 /* FirebasePerformance */ = {
			isa = XCSwiftPackageProductDependency;
			package = C74264B82CBC192000FCF5D2 /* XCRemoteSwiftPackageReference "firebase-ios-sdk" */;
			productName = FirebasePerformance;
		};
		C74264E12CBC192000FCF5D2 /* FirebaseRemoteConfig */ = {
			isa = XCSwiftPackageProductDependency;
			package = C74264B82CBC192000FCF5D2 /* XCRemoteSwiftPackageReference "firebase-ios-sdk" */;
			productName = FirebaseRemoteConfig;
		};
		C74264E32CBC192000FCF5D2 /* FirebaseStorage */ = {
			isa = XCSwiftPackageProductDependency;
			package = C74264B82CBC192000FCF5D2 /* XCRemoteSwiftPackageReference "firebase-ios-sdk" */;
			productName = FirebaseStorage;
		};
		C74264E52CBC192000FCF5D2 /* FirebaseStorageCombine-Community */ = {
			isa = XCSwiftPackageProductDependency;
			package = C74264B82CBC192000FCF5D2 /* XCRemoteSwiftPackageReference "firebase-ios-sdk" */;
			productName = "FirebaseStorageCombine-Community";
		};
		C74264E72CBC192000FCF5D2 /* FirebaseVertexAI-Preview */ = {
			isa = XCSwiftPackageProductDependency;
			package = C74264B82CBC192000FCF5D2 /* XCRemoteSwiftPackageReference "firebase-ios-sdk" */;
			productName = "FirebaseVertexAI-Preview";
		};
		C7856BDC2CB77C8D00842B94 /* Lottie */ = {
			isa = XCSwiftPackageProductDependency;
			package = C7856BDB2CB77C8D00842B94 /* XCRemoteSwiftPackageReference "lottie-spm" */;
			productName = Lottie;
		};
		C7856BDF2CB77C9A00842B94 /* SnapKit */ = {
			isa = XCSwiftPackageProductDependency;
			package = C7856BDE2CB77C9A00842B94 /* XCRemoteSwiftPackageReference "SnapKit" */;
			productName = SnapKit;
		};
/* End XCSwiftPackageProductDependency section */

/* Begin XCVersionGroup section */
		C725443C2C91854D00580224 /* RogueWord.xcdatamodeld */ = {
			isa = XCVersionGroup;
			children = (
				C725443D2C91854D00580224 /* RogueWord.xcdatamodel */,
			);
			currentVersion = C725443D2C91854D00580224 /* RogueWord.xcdatamodel */;
			path = RogueWord.xcdatamodeld;
			sourceTree = "<group>";
			versionGroupType = wrapper.xcdatamodel;
		};
/* End XCVersionGroup section */
	};
	rootObject = C72544282C91854D00580224 /* Project object */;
}
