// !$*UTF8*$!
{
	archiveVersion = 1;
	classes = {
	};
	objectVersion = 56;
	objects = {

/* Begin PBXBuildFile section */
		C70B72212C944469001011D6 /* FirebaseToJSONFileUploader.swift in Sources */ = {isa = PBXBuildFile; fileRef = C70B72202C944469001011D6 /* FirebaseToJSONFileUploader.swift */; };
		C70B72272C968AFE001011D6 /* WordFillInTheBlankPageViewController.swift in Sources */ = {isa = PBXBuildFile; fileRef = C70B72262C968AFE001011D6 /* WordFillInTheBlankPageViewController.swift */; };
		C70B72292C968E37001011D6 /* ExamViewController.swift in Sources */ = {isa = PBXBuildFile; fileRef = C70B72282C968E37001011D6 /* ExamViewController.swift */; };
		C70B722B2C96C0F0001011D6 /* QuestionPageCell.swift in Sources */ = {isa = PBXBuildFile; fileRef = C70B722A2C96C0F0001011D6 /* QuestionPageCell.swift */; };
		C70B722D2C96D55E001011D6 /* ParagraphFillInTheBlanksViewController.swift in Sources */ = {isa = PBXBuildFile; fileRef = C70B722C2C96D55E001011D6 /* ParagraphFillInTheBlanksViewController.swift */; };
		C70B722F2C96E61D001011D6 /* ParagraphCell.swift in Sources */ = {isa = PBXBuildFile; fileRef = C70B722E2C96E61D001011D6 /* ParagraphCell.swift */; };
		C70B72312C9738F2001011D6 /* ReadingViewController.swift in Sources */ = {isa = PBXBuildFile; fileRef = C70B72302C9738F2001011D6 /* ReadingViewController.swift */; };
		C70B72332C974528001011D6 /* ListeningViewController.swift in Sources */ = {isa = PBXBuildFile; fileRef = C70B72322C974528001011D6 /* ListeningViewController.swift */; };
		C70B72352C97BE24001011D6 /* BattleViewController.swift in Sources */ = {isa = PBXBuildFile; fileRef = C70B72342C97BE24001011D6 /* BattleViewController.swift */; };
		C70B72372C97F8BB001011D6 /* BattlePlay1ViewController.swift in Sources */ = {isa = PBXBuildFile; fileRef = C70B72362C97F8BB001011D6 /* BattlePlay1ViewController.swift */; };
		C70B72392C988531001011D6 /* BattleRoomModel.swift in Sources */ = {isa = PBXBuildFile; fileRef = C70B72382C988531001011D6 /* BattleRoomModel.swift */; };
		C72544342C91854D00580224 /* AppDelegate.swift in Sources */ = {isa = PBXBuildFile; fileRef = C72544332C91854D00580224 /* AppDelegate.swift */; };
		C72544362C91854D00580224 /* SceneDelegate.swift in Sources */ = {isa = PBXBuildFile; fileRef = C72544352C91854D00580224 /* SceneDelegate.swift */; };
		C72544382C91854D00580224 /* ViewController.swift in Sources */ = {isa = PBXBuildFile; fileRef = C72544372C91854D00580224 /* ViewController.swift */; };
		C725443B2C91854D00580224 /* Base in Resources */ = {isa = PBXBuildFile; fileRef = C725443A2C91854D00580224 /* Base */; };
		C725443E2C91854D00580224 /* RogueWord.xcdatamodeld in Sources */ = {isa = PBXBuildFile; fileRef = C725443C2C91854D00580224 /* RogueWord.xcdatamodeld */; };
		C72544402C91854F00580224 /* Assets.xcassets in Resources */ = {isa = PBXBuildFile; fileRef = C725443F2C91854F00580224 /* Assets.xcassets */; };
		C72544432C91854F00580224 /* Base in Resources */ = {isa = PBXBuildFile; fileRef = C72544422C91854F00580224 /* Base */; };
		C725444E2C91854F00580224 /* RogueWordTests.swift in Sources */ = {isa = PBXBuildFile; fileRef = C725444D2C91854F00580224 /* RogueWordTests.swift */; };
		C72544582C91854F00580224 /* RogueWordUITests.swift in Sources */ = {isa = PBXBuildFile; fileRef = C72544572C91854F00580224 /* RogueWordUITests.swift */; };
		C725445A2C91854F00580224 /* RogueWordUITestsLaunchTests.swift in Sources */ = {isa = PBXBuildFile; fileRef = C72544592C91854F00580224 /* RogueWordUITestsLaunchTests.swift */; };
		C72544672C91895D00580224 /* GoogleService-Info.plist in Resources */ = {isa = PBXBuildFile; fileRef = C72544662C91895D00580224 /* GoogleService-Info.plist */; };
		C725446A2C918C5A00580224 /* FirebaseAuth in Frameworks */ = {isa = PBXBuildFile; productRef = C72544692C918C5A00580224 /* FirebaseAuth */; };
		C725446C2C918C5A00580224 /* FirebaseDatabase in Frameworks */ = {isa = PBXBuildFile; productRef = C725446B2C918C5A00580224 /* FirebaseDatabase */; };
		C725446E2C918C5A00580224 /* FirebaseFirestore in Frameworks */ = {isa = PBXBuildFile; productRef = C725446D2C918C5A00580224 /* FirebaseFirestore */; };
		C72544702C918C5A00580224 /* FirebaseStorage in Frameworks */ = {isa = PBXBuildFile; productRef = C725446F2C918C5A00580224 /* FirebaseStorage */; };
		C72544722C919B1F00580224 /* FirebaseService.swift in Sources */ = {isa = PBXBuildFile; fileRef = C72544712C919B1E00580224 /* FirebaseService.swift */; };
		C72544742C919FB100580224 /* GameService.swift in Sources */ = {isa = PBXBuildFile; fileRef = C72544732C919FB100580224 /* GameService.swift */; };
		C72544762C92985E00580224 /* GamingViewController.swift in Sources */ = {isa = PBXBuildFile; fileRef = C72544752C92985E00580224 /* GamingViewController.swift */; };
		C72544782C92BA1700580224 /* LoginViewController.swift in Sources */ = {isa = PBXBuildFile; fileRef = C72544772C92BA1700580224 /* LoginViewController.swift */; };
		C725447B2C92BA3E00580224 /* HomeViewController.swift in Sources */ = {isa = PBXBuildFile; fileRef = C725447A2C92BA3E00580224 /* HomeViewController.swift */; };
		C725447D2C92BA6100580224 /* CollectionPageViewController.swift in Sources */ = {isa = PBXBuildFile; fileRef = C725447C2C92BA6100580224 /* CollectionPageViewController.swift */; };
		C725447F2C92BA7E00580224 /* CollectionPageViewModel.swift in Sources */ = {isa = PBXBuildFile; fileRef = C725447E2C92BA7E00580224 /* CollectionPageViewModel.swift */; };
		C72544812C92BAB500580224 /* LevelUpGamePageViewController.swift in Sources */ = {isa = PBXBuildFile; fileRef = C72544802C92BAB500580224 /* LevelUpGamePageViewController.swift */; };
		C72544842C92BB0F00580224 /* LevelUpGamePageModel.swift in Sources */ = {isa = PBXBuildFile; fileRef = C72544832C92BB0F00580224 /* LevelUpGamePageModel.swift */; };
		C72544862C92BB3E00580224 /* CollectionPageCell.swift in Sources */ = {isa = PBXBuildFile; fileRef = C72544852C92BB3E00580224 /* CollectionPageCell.swift */; };
		C72544882C92BB6900580224 /* LoginViewModel.swift in Sources */ = {isa = PBXBuildFile; fileRef = C72544872C92BB6900580224 /* LoginViewModel.swift */; };
		C725448A2C92BB8C00580224 /* HomeModel.swift in Sources */ = {isa = PBXBuildFile; fileRef = C72544892C92BB8C00580224 /* HomeModel.swift */; };
		C725448D2C92BBDF00580224 /* SnapKit in Frameworks */ = {isa = PBXBuildFile; productRef = C725448C2C92BBDF00580224 /* SnapKit */; };
/* End PBXBuildFile section */

/* Begin PBXContainerItemProxy section */
		C725444A2C91854F00580224 /* PBXContainerItemProxy */ = {
			isa = PBXContainerItemProxy;
			containerPortal = C72544282C91854D00580224 /* Project object */;
			proxyType = 1;
			remoteGlobalIDString = C725442F2C91854D00580224;
			remoteInfo = RogueWord;
		};
		C72544542C91854F00580224 /* PBXContainerItemProxy */ = {
			isa = PBXContainerItemProxy;
			containerPortal = C72544282C91854D00580224 /* Project object */;
			proxyType = 1;
			remoteGlobalIDString = C725442F2C91854D00580224;
			remoteInfo = RogueWord;
		};
/* End PBXContainerItemProxy section */

/* Begin PBXFileReference section */
		C70B72202C944469001011D6 /* FirebaseToJSONFileUploader.swift */ = {isa = PBXFileReference; lastKnownFileType = sourcecode.swift; path = FirebaseToJSONFileUploader.swift; sourceTree = "<group>"; };
		C70B72262C968AFE001011D6 /* WordFillInTheBlankPageViewController.swift */ = {isa = PBXFileReference; lastKnownFileType = sourcecode.swift; path = WordFillInTheBlankPageViewController.swift; sourceTree = "<group>"; };
		C70B72282C968E37001011D6 /* ExamViewController.swift */ = {isa = PBXFileReference; lastKnownFileType = sourcecode.swift; path = ExamViewController.swift; sourceTree = "<group>"; };
		C70B722A2C96C0F0001011D6 /* QuestionPageCell.swift */ = {isa = PBXFileReference; lastKnownFileType = sourcecode.swift; path = QuestionPageCell.swift; sourceTree = "<group>"; };
		C70B722C2C96D55E001011D6 /* ParagraphFillInTheBlanksViewController.swift */ = {isa = PBXFileReference; lastKnownFileType = sourcecode.swift; path = ParagraphFillInTheBlanksViewController.swift; sourceTree = "<group>"; };
		C70B722E2C96E61D001011D6 /* ParagraphCell.swift */ = {isa = PBXFileReference; lastKnownFileType = sourcecode.swift; path = ParagraphCell.swift; sourceTree = "<group>"; };
		C70B72302C9738F2001011D6 /* ReadingViewController.swift */ = {isa = PBXFileReference; lastKnownFileType = sourcecode.swift; path = ReadingViewController.swift; sourceTree = "<group>"; };
		C70B72322C974528001011D6 /* ListeningViewController.swift */ = {isa = PBXFileReference; lastKnownFileType = sourcecode.swift; path = ListeningViewController.swift; sourceTree = "<group>"; };
		C70B72342C97BE24001011D6 /* BattleViewController.swift */ = {isa = PBXFileReference; lastKnownFileType = sourcecode.swift; path = BattleViewController.swift; sourceTree = "<group>"; };
		C70B72362C97F8BB001011D6 /* BattlePlay1ViewController.swift */ = {isa = PBXFileReference; lastKnownFileType = sourcecode.swift; path = BattlePlay1ViewController.swift; sourceTree = "<group>"; };
		C70B72382C988531001011D6 /* BattleRoomModel.swift */ = {isa = PBXFileReference; lastKnownFileType = sourcecode.swift; path = BattleRoomModel.swift; sourceTree = "<group>"; };
		C72544302C91854D00580224 /* RogueWord.app */ = {isa = PBXFileReference; explicitFileType = wrapper.application; includeInIndex = 0; path = RogueWord.app; sourceTree = BUILT_PRODUCTS_DIR; };
		C72544332C91854D00580224 /* AppDelegate.swift */ = {isa = PBXFileReference; lastKnownFileType = sourcecode.swift; path = AppDelegate.swift; sourceTree = "<group>"; };
		C72544352C91854D00580224 /* SceneDelegate.swift */ = {isa = PBXFileReference; lastKnownFileType = sourcecode.swift; path = SceneDelegate.swift; sourceTree = "<group>"; };
		C72544372C91854D00580224 /* ViewController.swift */ = {isa = PBXFileReference; lastKnownFileType = sourcecode.swift; path = ViewController.swift; sourceTree = "<group>"; };
		C725443A2C91854D00580224 /* Base */ = {isa = PBXFileReference; lastKnownFileType = file.storyboard; name = Base; path = Base.lproj/Main.storyboard; sourceTree = "<group>"; };
		C725443D2C91854D00580224 /* RogueWord.xcdatamodel */ = {isa = PBXFileReference; lastKnownFileType = wrapper.xcdatamodel; path = RogueWord.xcdatamodel; sourceTree = "<group>"; };
		C725443F2C91854F00580224 /* Assets.xcassets */ = {isa = PBXFileReference; lastKnownFileType = folder.assetcatalog; path = Assets.xcassets; sourceTree = "<group>"; };
		C72544422C91854F00580224 /* Base */ = {isa = PBXFileReference; lastKnownFileType = file.storyboard; name = Base; path = Base.lproj/LaunchScreen.storyboard; sourceTree = "<group>"; };
		C72544442C91854F00580224 /* Info.plist */ = {isa = PBXFileReference; lastKnownFileType = text.plist.xml; path = Info.plist; sourceTree = "<group>"; };
		C72544492C91854F00580224 /* RogueWordTests.xctest */ = {isa = PBXFileReference; explicitFileType = wrapper.cfbundle; includeInIndex = 0; path = RogueWordTests.xctest; sourceTree = BUILT_PRODUCTS_DIR; };
		C725444D2C91854F00580224 /* RogueWordTests.swift */ = {isa = PBXFileReference; lastKnownFileType = sourcecode.swift; path = RogueWordTests.swift; sourceTree = "<group>"; };
		C72544532C91854F00580224 /* RogueWordUITests.xctest */ = {isa = PBXFileReference; explicitFileType = wrapper.cfbundle; includeInIndex = 0; path = RogueWordUITests.xctest; sourceTree = BUILT_PRODUCTS_DIR; };
		C72544572C91854F00580224 /* RogueWordUITests.swift */ = {isa = PBXFileReference; lastKnownFileType = sourcecode.swift; path = RogueWordUITests.swift; sourceTree = "<group>"; };
		C72544592C91854F00580224 /* RogueWordUITestsLaunchTests.swift */ = {isa = PBXFileReference; lastKnownFileType = sourcecode.swift; path = RogueWordUITestsLaunchTests.swift; sourceTree = "<group>"; };
		C72544662C91895D00580224 /* GoogleService-Info.plist */ = {isa = PBXFileReference; fileEncoding = 4; lastKnownFileType = text.plist.xml; path = "GoogleService-Info.plist"; sourceTree = "<group>"; };
		C72544712C919B1E00580224 /* FirebaseService.swift */ = {isa = PBXFileReference; lastKnownFileType = sourcecode.swift; path = FirebaseService.swift; sourceTree = "<group>"; };
		C72544732C919FB100580224 /* GameService.swift */ = {isa = PBXFileReference; lastKnownFileType = sourcecode.swift; path = GameService.swift; sourceTree = "<group>"; };
		C72544752C92985E00580224 /* GamingViewController.swift */ = {isa = PBXFileReference; lastKnownFileType = sourcecode.swift; path = GamingViewController.swift; sourceTree = "<group>"; };
		C72544772C92BA1700580224 /* LoginViewController.swift */ = {isa = PBXFileReference; lastKnownFileType = sourcecode.swift; path = LoginViewController.swift; sourceTree = "<group>"; };
		C725447A2C92BA3E00580224 /* HomeViewController.swift */ = {isa = PBXFileReference; lastKnownFileType = sourcecode.swift; path = HomeViewController.swift; sourceTree = "<group>"; };
		C725447C2C92BA6100580224 /* CollectionPageViewController.swift */ = {isa = PBXFileReference; lastKnownFileType = sourcecode.swift; path = CollectionPageViewController.swift; sourceTree = "<group>"; };
		C725447E2C92BA7E00580224 /* CollectionPageViewModel.swift */ = {isa = PBXFileReference; lastKnownFileType = sourcecode.swift; path = CollectionPageViewModel.swift; sourceTree = "<group>"; };
		C72544802C92BAB500580224 /* LevelUpGamePageViewController.swift */ = {isa = PBXFileReference; lastKnownFileType = sourcecode.swift; path = LevelUpGamePageViewController.swift; sourceTree = "<group>"; };
		C72544832C92BB0F00580224 /* LevelUpGamePageModel.swift */ = {isa = PBXFileReference; lastKnownFileType = sourcecode.swift; path = LevelUpGamePageModel.swift; sourceTree = "<group>"; };
		C72544852C92BB3E00580224 /* CollectionPageCell.swift */ = {isa = PBXFileReference; lastKnownFileType = sourcecode.swift; path = CollectionPageCell.swift; sourceTree = "<group>"; };
		C72544872C92BB6900580224 /* LoginViewModel.swift */ = {isa = PBXFileReference; lastKnownFileType = sourcecode.swift; path = LoginViewModel.swift; sourceTree = "<group>"; };
		C72544892C92BB8C00580224 /* HomeModel.swift */ = {isa = PBXFileReference; lastKnownFileType = sourcecode.swift; path = HomeModel.swift; sourceTree = "<group>"; };
/* End PBXFileReference section */

/* Begin PBXFrameworksBuildPhase section */
		C725442D2C91854D00580224 /* Frameworks */ = {
			isa = PBXFrameworksBuildPhase;
			buildActionMask = 2147483647;
			files = (
				C725446C2C918C5A00580224 /* FirebaseDatabase in Frameworks */,
				C72544702C918C5A00580224 /* FirebaseStorage in Frameworks */,
				C725446A2C918C5A00580224 /* FirebaseAuth in Frameworks */,
				C725446E2C918C5A00580224 /* FirebaseFirestore in Frameworks */,
				C725448D2C92BBDF00580224 /* SnapKit in Frameworks */,
			);
			runOnlyForDeploymentPostprocessing = 0;
		};
		C72544462C91854F00580224 /* Frameworks */ = {
			isa = PBXFrameworksBuildPhase;
			buildActionMask = 2147483647;
			files = (
			);
			runOnlyForDeploymentPostprocessing = 0;
		};
		C72544502C91854F00580224 /* Frameworks */ = {
			isa = PBXFrameworksBuildPhase;
			buildActionMask = 2147483647;
			files = (
			);
			runOnlyForDeploymentPostprocessing = 0;
		};
/* End PBXFrameworksBuildPhase section */

/* Begin PBXGroup section */
		C70B723A2C988540001011D6 /* Model */ = {
			isa = PBXGroup;
			children = (
				C70B72382C988531001011D6 /* BattleRoomModel.swift */,
			);
			path = Model;
			sourceTree = "<group>";
		};
		C72544272C91854D00580224 = {
			isa = PBXGroup;
			children = (
				C72544322C91854D00580224 /* RogueWord */,
				C725444C2C91854F00580224 /* RogueWordTests */,
				C72544562C91854F00580224 /* RogueWordUITests */,
				C72544312C91854D00580224 /* Products */,
			);
			sourceTree = "<group>";
		};
		C72544312C91854D00580224 /* Products */ = {
			isa = PBXGroup;
			children = (
				C72544302C91854D00580224 /* RogueWord.app */,
				C72544492C91854F00580224 /* RogueWordTests.xctest */,
				C72544532C91854F00580224 /* RogueWordUITests.xctest */,
			);
			name = Products;
			sourceTree = "<group>";
		};
		C72544322C91854D00580224 /* RogueWord */ = {
			isa = PBXGroup;
			children = (
				C72544752C92985E00580224 /* GamingViewController.swift */,
				C72544332C91854D00580224 /* AppDelegate.swift */,
				C72544352C91854D00580224 /* SceneDelegate.swift */,
				C72544732C919FB100580224 /* GameService.swift */,
				C72544372C91854D00580224 /* ViewController.swift */,
				C72544712C919B1E00580224 /* FirebaseService.swift */,
				C70B723A2C988540001011D6 /* Model */,
				C72544792C92BA2B00580224 /* View */,
				C72544822C92BAF700580224 /* ViewModel */,
				C72544392C91854D00580224 /* Main.storyboard */,
				C70B72362C97F8BB001011D6 /* BattlePlay1ViewController.swift */,
				C725443F2C91854F00580224 /* Assets.xcassets */,
				C70B72202C944469001011D6 /* FirebaseToJSONFileUploader.swift */,
				C72544412C91854F00580224 /* LaunchScreen.storyboard */,
				C72544662C91895D00580224 /* GoogleService-Info.plist */,
				C72544442C91854F00580224 /* Info.plist */,
				C725443C2C91854D00580224 /* RogueWord.xcdatamodeld */,
			);
			path = RogueWord;
			sourceTree = "<group>";
		};
		C725444C2C91854F00580224 /* RogueWordTests */ = {
			isa = PBXGroup;
			children = (
				C725444D2C91854F00580224 /* RogueWordTests.swift */,
			);
			path = RogueWordTests;
			sourceTree = "<group>";
		};
		C72544562C91854F00580224 /* RogueWordUITests */ = {
			isa = PBXGroup;
			children = (
				C72544572C91854F00580224 /* RogueWordUITests.swift */,
				C72544592C91854F00580224 /* RogueWordUITestsLaunchTests.swift */,
			);
			path = RogueWordUITests;
			sourceTree = "<group>";
		};
		C72544792C92BA2B00580224 /* View */ = {
			isa = PBXGroup;
			children = (
				C72544772C92BA1700580224 /* LoginViewController.swift */,
				C725447A2C92BA3E00580224 /* HomeViewController.swift */,
				C72544802C92BAB500580224 /* LevelUpGamePageViewController.swift */,
				C725447C2C92BA6100580224 /* CollectionPageViewController.swift */,
				C70B72262C968AFE001011D6 /* WordFillInTheBlankPageViewController.swift */,
				C70B72342C97BE24001011D6 /* BattleViewController.swift */,
				C70B722C2C96D55E001011D6 /* ParagraphFillInTheBlanksViewController.swift */,
				C70B72302C9738F2001011D6 /* ReadingViewController.swift */,
				C70B72322C974528001011D6 /* ListeningViewController.swift */,
				C70B722E2C96E61D001011D6 /* ParagraphCell.swift */,
				C70B722A2C96C0F0001011D6 /* QuestionPageCell.swift */,
				C70B72282C968E37001011D6 /* ExamViewController.swift */,
				C72544852C92BB3E00580224 /* CollectionPageCell.swift */,
			);
			path = View;
			sourceTree = "<group>";
		};
		C72544822C92BAF700580224 /* ViewModel */ = {
			isa = PBXGroup;
			children = (
				C72544872C92BB6900580224 /* LoginViewModel.swift */,
				C72544892C92BB8C00580224 /* HomeModel.swift */,
				C72544832C92BB0F00580224 /* LevelUpGamePageModel.swift */,
				C725447E2C92BA7E00580224 /* CollectionPageViewModel.swift */,
			);
			path = ViewModel;
			sourceTree = "<group>";
		};
/* End PBXGroup section */

/* Begin PBXNativeTarget section */
		C725442F2C91854D00580224 /* RogueWord */ = {
			isa = PBXNativeTarget;
			buildConfigurationList = C725445D2C91854F00580224 /* Build configuration list for PBXNativeTarget "RogueWord" */;
			buildPhases = (
				C725442C2C91854D00580224 /* Sources */,
				C725442D2C91854D00580224 /* Frameworks */,
				C725442E2C91854D00580224 /* Resources */,
			);
			buildRules = (
			);
			dependencies = (
			);
			name = RogueWord;
			packageProductDependencies = (
				C72544692C918C5A00580224 /* FirebaseAuth */,
				C725446B2C918C5A00580224 /* FirebaseDatabase */,
				C725446D2C918C5A00580224 /* FirebaseFirestore */,
				C725446F2C918C5A00580224 /* FirebaseStorage */,
				C725448C2C92BBDF00580224 /* SnapKit */,
			);
			productName = RogueWord;
			productReference = C72544302C91854D00580224 /* RogueWord.app */;
			productType = "com.apple.product-type.application";
		};
		C72544482C91854F00580224 /* RogueWordTests */ = {
			isa = PBXNativeTarget;
			buildConfigurationList = C72544602C91854F00580224 /* Build configuration list for PBXNativeTarget "RogueWordTests" */;
			buildPhases = (
				C72544452C91854F00580224 /* Sources */,
				C72544462C91854F00580224 /* Frameworks */,
				C72544472C91854F00580224 /* Resources */,
			);
			buildRules = (
			);
			dependencies = (
				C725444B2C91854F00580224 /* PBXTargetDependency */,
			);
			name = RogueWordTests;
			productName = RogueWordTests;
			productReference = C72544492C91854F00580224 /* RogueWordTests.xctest */;
			productType = "com.apple.product-type.bundle.unit-test";
		};
		C72544522C91854F00580224 /* RogueWordUITests */ = {
			isa = PBXNativeTarget;
			buildConfigurationList = C72544632C91854F00580224 /* Build configuration list for PBXNativeTarget "RogueWordUITests" */;
			buildPhases = (
				C725444F2C91854F00580224 /* Sources */,
				C72544502C91854F00580224 /* Frameworks */,
				C72544512C91854F00580224 /* Resources */,
			);
			buildRules = (
			);
			dependencies = (
				C72544552C91854F00580224 /* PBXTargetDependency */,
			);
			name = RogueWordUITests;
			productName = RogueWordUITests;
			productReference = C72544532C91854F00580224 /* RogueWordUITests.xctest */;
			productType = "com.apple.product-type.bundle.ui-testing";
		};
/* End PBXNativeTarget section */

/* Begin PBXProject section */
		C72544282C91854D00580224 /* Project object */ = {
			isa = PBXProject;
			attributes = {
				BuildIndependentTargetsInParallel = 1;
				LastSwiftUpdateCheck = 1530;
				LastUpgradeCheck = 1530;
				TargetAttributes = {
					C725442F2C91854D00580224 = {
						CreatedOnToolsVersion = 15.3;
					};
					C72544482C91854F00580224 = {
						CreatedOnToolsVersion = 15.3;
						TestTargetID = C725442F2C91854D00580224;
					};
					C72544522C91854F00580224 = {
						CreatedOnToolsVersion = 15.3;
						TestTargetID = C725442F2C91854D00580224;
					};
				};
			};
			buildConfigurationList = C725442B2C91854D00580224 /* Build configuration list for PBXProject "RogueWord" */;
			compatibilityVersion = "Xcode 14.0";
			developmentRegion = en;
			hasScannedForEncodings = 0;
			knownRegions = (
				en,
				Base,
			);
			mainGroup = C72544272C91854D00580224;
			packageReferences = (
				C72544682C918C5A00580224 /* XCRemoteSwiftPackageReference "firebase-ios-sdk" */,
				C725448B2C92BBDF00580224 /* XCRemoteSwiftPackageReference "SnapKit" */,
			);
			productRefGroup = C72544312C91854D00580224 /* Products */;
			projectDirPath = "";
			projectRoot = "";
			targets = (
				C725442F2C91854D00580224 /* RogueWord */,
				C72544482C91854F00580224 /* RogueWordTests */,
				C72544522C91854F00580224 /* RogueWordUITests */,
			);
		};
/* End PBXProject section */

/* Begin PBXResourcesBuildPhase section */
		C725442E2C91854D00580224 /* Resources */ = {
			isa = PBXResourcesBuildPhase;
			buildActionMask = 2147483647;
			files = (
				C72544402C91854F00580224 /* Assets.xcassets in Resources */,
				C72544672C91895D00580224 /* GoogleService-Info.plist in Resources */,
				C72544432C91854F00580224 /* Base in Resources */,
				C725443B2C91854D00580224 /* Base in Resources */,
			);
			runOnlyForDeploymentPostprocessing = 0;
		};
		C72544472C91854F00580224 /* Resources */ = {
			isa = PBXResourcesBuildPhase;
			buildActionMask = 2147483647;
			files = (
			);
			runOnlyForDeploymentPostprocessing = 0;
		};
		C72544512C91854F00580224 /* Resources */ = {
			isa = PBXResourcesBuildPhase;
			buildActionMask = 2147483647;
			files = (
			);
			runOnlyForDeploymentPostprocessing = 0;
		};
/* End PBXResourcesBuildPhase section */

/* Begin PBXSourcesBuildPhase section */
		C725442C2C91854D00580224 /* Sources */ = {
			isa = PBXSourcesBuildPhase;
			buildActionMask = 2147483647;
			files = (
				C70B722F2C96E61D001011D6 /* ParagraphCell.swift in Sources */,
				C725443E2C91854D00580224 /* RogueWord.xcdatamodeld in Sources */,
				C72544812C92BAB500580224 /* LevelUpGamePageViewController.swift in Sources */,
				C70B72392C988531001011D6 /* BattleRoomModel.swift in Sources */,
				C72544722C919B1F00580224 /* FirebaseService.swift in Sources */,
				C70B72372C97F8BB001011D6 /* BattlePlay1ViewController.swift in Sources */,
				C72544382C91854D00580224 /* ViewController.swift in Sources */,
				C725448A2C92BB8C00580224 /* HomeModel.swift in Sources */,
				C70B72212C944469001011D6 /* FirebaseToJSONFileUploader.swift in Sources */,
				C725447D2C92BA6100580224 /* CollectionPageViewController.swift in Sources */,
				C70B72292C968E37001011D6 /* ExamViewController.swift in Sources */,
				C72544742C919FB100580224 /* GameService.swift in Sources */,
				C72544782C92BA1700580224 /* LoginViewController.swift in Sources */,
				C725447F2C92BA7E00580224 /* CollectionPageViewModel.swift in Sources */,
				C70B72332C974528001011D6 /* ListeningViewController.swift in Sources */,
				C72544882C92BB6900580224 /* LoginViewModel.swift in Sources */,
				C70B72352C97BE24001011D6 /* BattleViewController.swift in Sources */,
				C72544862C92BB3E00580224 /* CollectionPageCell.swift in Sources */,
				C70B72272C968AFE001011D6 /* WordFillInTheBlankPageViewController.swift in Sources */,
				C70B722B2C96C0F0001011D6 /* QuestionPageCell.swift in Sources */,
				C725447B2C92BA3E00580224 /* HomeViewController.swift in Sources */,
				C70B722D2C96D55E001011D6 /* ParagraphFillInTheBlanksViewController.swift in Sources */,
				C72544762C92985E00580224 /* GamingViewController.swift in Sources */,
				C72544342C91854D00580224 /* AppDelegate.swift in Sources */,
				C72544842C92BB0F00580224 /* LevelUpGamePageModel.swift in Sources */,
				C70B72312C9738F2001011D6 /* ReadingViewController.swift in Sources */,
				C72544362C91854D00580224 /* SceneDelegate.swift in Sources */,
			);
			runOnlyForDeploymentPostprocessing = 0;
		};
		C72544452C91854F00580224 /* Sources */ = {
			isa = PBXSourcesBuildPhase;
			buildActionMask = 2147483647;
			files = (
				C725444E2C91854F00580224 /* RogueWordTests.swift in Sources */,
			);
			runOnlyForDeploymentPostprocessing = 0;
		};
		C725444F2C91854F00580224 /* Sources */ = {
			isa = PBXSourcesBuildPhase;
			buildActionMask = 2147483647;
			files = (
				C72544582C91854F00580224 /* RogueWordUITests.swift in Sources */,
				C725445A2C91854F00580224 /* RogueWordUITestsLaunchTests.swift in Sources */,
			);
			runOnlyForDeploymentPostprocessing = 0;
		};
/* End PBXSourcesBuildPhase section */

/* Begin PBXTargetDependency section */
		C725444B2C91854F00580224 /* PBXTargetDependency */ = {
			isa = PBXTargetDependency;
			target = C725442F2C91854D00580224 /* RogueWord */;
			targetProxy = C725444A2C91854F00580224 /* PBXContainerItemProxy */;
		};
		C72544552C91854F00580224 /* PBXTargetDependency */ = {
			isa = PBXTargetDependency;
			target = C725442F2C91854D00580224 /* RogueWord */;
			targetProxy = C72544542C91854F00580224 /* PBXContainerItemProxy */;
		};
/* End PBXTargetDependency section */

/* Begin PBXVariantGroup section */
		C72544392C91854D00580224 /* Main.storyboard */ = {
			isa = PBXVariantGroup;
			children = (
				C725443A2C91854D00580224 /* Base */,
			);
			name = Main.storyboard;
			sourceTree = "<group>";
		};
		C72544412C91854F00580224 /* LaunchScreen.storyboard */ = {
			isa = PBXVariantGroup;
			children = (
				C72544422C91854F00580224 /* Base */,
			);
			name = LaunchScreen.storyboard;
			sourceTree = "<group>";
		};
/* End PBXVariantGroup section */

/* Begin XCBuildConfiguration section */
		C725445B2C91854F00580224 /* Debug */ = {
			isa = XCBuildConfiguration;
			buildSettings = {
				ALWAYS_SEARCH_USER_PATHS = NO;
				ASSETCATALOG_COMPILER_GENERATE_SWIFT_ASSET_SYMBOL_EXTENSIONS = YES;
				CLANG_ANALYZER_NONNULL = YES;
				CLANG_ANALYZER_NUMBER_OBJECT_CONVERSION = YES_AGGRESSIVE;
				CLANG_CXX_LANGUAGE_STANDARD = "gnu++20";
				CLANG_ENABLE_MODULES = YES;
				CLANG_ENABLE_OBJC_ARC = YES;
				CLANG_ENABLE_OBJC_WEAK = YES;
				CLANG_WARN_BLOCK_CAPTURE_AUTORELEASING = YES;
				CLANG_WARN_BOOL_CONVERSION = YES;
				CLANG_WARN_COMMA = YES;
				CLANG_WARN_CONSTANT_CONVERSION = YES;
				CLANG_WARN_DEPRECATED_OBJC_IMPLEMENTATIONS = YES;
				CLANG_WARN_DIRECT_OBJC_ISA_USAGE = YES_ERROR;
				CLANG_WARN_DOCUMENTATION_COMMENTS = YES;
				CLANG_WARN_EMPTY_BODY = YES;
				CLANG_WARN_ENUM_CONVERSION = YES;
				CLANG_WARN_INFINITE_RECURSION = YES;
				CLANG_WARN_INT_CONVERSION = YES;
				CLANG_WARN_NON_LITERAL_NULL_CONVERSION = YES;
				CLANG_WARN_OBJC_IMPLICIT_RETAIN_SELF = YES;
				CLANG_WARN_OBJC_LITERAL_CONVERSION = YES;
				CLANG_WARN_OBJC_ROOT_CLASS = YES_ERROR;
				CLANG_WARN_QUOTED_INCLUDE_IN_FRAMEWORK_HEADER = YES;
				CLANG_WARN_RANGE_LOOP_ANALYSIS = YES;
				CLANG_WARN_STRICT_PROTOTYPES = YES;
				CLANG_WARN_SUSPICIOUS_MOVE = YES;
				CLANG_WARN_UNGUARDED_AVAILABILITY = YES_AGGRESSIVE;
				CLANG_WARN_UNREACHABLE_CODE = YES;
				CLANG_WARN__DUPLICATE_METHOD_MATCH = YES;
				COPY_PHASE_STRIP = NO;
				DEBUG_INFORMATION_FORMAT = dwarf;
				ENABLE_STRICT_OBJC_MSGSEND = YES;
				ENABLE_TESTABILITY = YES;
				ENABLE_USER_SCRIPT_SANDBOXING = YES;
				GCC_C_LANGUAGE_STANDARD = gnu17;
				GCC_DYNAMIC_NO_PIC = NO;
				GCC_NO_COMMON_BLOCKS = YES;
				GCC_OPTIMIZATION_LEVEL = 0;
				GCC_PREPROCESSOR_DEFINITIONS = (
					"DEBUG=1",
					"$(inherited)",
				);
				GCC_WARN_64_TO_32_BIT_CONVERSION = YES;
				GCC_WARN_ABOUT_RETURN_TYPE = YES_ERROR;
				GCC_WARN_UNDECLARED_SELECTOR = YES;
				GCC_WARN_UNINITIALIZED_AUTOS = YES_AGGRESSIVE;
				GCC_WARN_UNUSED_FUNCTION = YES;
				GCC_WARN_UNUSED_VARIABLE = YES;
				IPHONEOS_DEPLOYMENT_TARGET = 17.4;
				LOCALIZATION_PREFERS_STRING_CATALOGS = YES;
				MTL_ENABLE_DEBUG_INFO = INCLUDE_SOURCE;
				MTL_FAST_MATH = YES;
				ONLY_ACTIVE_ARCH = YES;
				SDKROOT = iphoneos;
				SWIFT_ACTIVE_COMPILATION_CONDITIONS = "DEBUG $(inherited)";
				SWIFT_OPTIMIZATION_LEVEL = "-Onone";
			};
			name = Debug;
		};
		C725445C2C91854F00580224 /* Release */ = {
			isa = XCBuildConfiguration;
			buildSettings = {
				ALWAYS_SEARCH_USER_PATHS = NO;
				ASSETCATALOG_COMPILER_GENERATE_SWIFT_ASSET_SYMBOL_EXTENSIONS = YES;
				CLANG_ANALYZER_NONNULL = YES;
				CLANG_ANALYZER_NUMBER_OBJECT_CONVERSION = YES_AGGRESSIVE;
				CLANG_CXX_LANGUAGE_STANDARD = "gnu++20";
				CLANG_ENABLE_MODULES = YES;
				CLANG_ENABLE_OBJC_ARC = YES;
				CLANG_ENABLE_OBJC_WEAK = YES;
				CLANG_WARN_BLOCK_CAPTURE_AUTORELEASING = YES;
				CLANG_WARN_BOOL_CONVERSION = YES;
				CLANG_WARN_COMMA = YES;
				CLANG_WARN_CONSTANT_CONVERSION = YES;
				CLANG_WARN_DEPRECATED_OBJC_IMPLEMENTATIONS = YES;
				CLANG_WARN_DIRECT_OBJC_ISA_USAGE = YES_ERROR;
				CLANG_WARN_DOCUMENTATION_COMMENTS = YES;
				CLANG_WARN_EMPTY_BODY = YES;
				CLANG_WARN_ENUM_CONVERSION = YES;
				CLANG_WARN_INFINITE_RECURSION = YES;
				CLANG_WARN_INT_CONVERSION = YES;
				CLANG_WARN_NON_LITERAL_NULL_CONVERSION = YES;
				CLANG_WARN_OBJC_IMPLICIT_RETAIN_SELF = YES;
				CLANG_WARN_OBJC_LITERAL_CONVERSION = YES;
				CLANG_WARN_OBJC_ROOT_CLASS = YES_ERROR;
				CLANG_WARN_QUOTED_INCLUDE_IN_FRAMEWORK_HEADER = YES;
				CLANG_WARN_RANGE_LOOP_ANALYSIS = YES;
				CLANG_WARN_STRICT_PROTOTYPES = YES;
				CLANG_WARN_SUSPICIOUS_MOVE = YES;
				CLANG_WARN_UNGUARDED_AVAILABILITY = YES_AGGRESSIVE;
				CLANG_WARN_UNREACHABLE_CODE = YES;
				CLANG_WARN__DUPLICATE_METHOD_MATCH = YES;
				COPY_PHASE_STRIP = NO;
				DEBUG_INFORMATION_FORMAT = "dwarf-with-dsym";
				ENABLE_NS_ASSERTIONS = NO;
				ENABLE_STRICT_OBJC_MSGSEND = YES;
				ENABLE_USER_SCRIPT_SANDBOXING = YES;
				GCC_C_LANGUAGE_STANDARD = gnu17;
				GCC_NO_COMMON_BLOCKS = YES;
				GCC_WARN_64_TO_32_BIT_CONVERSION = YES;
				GCC_WARN_ABOUT_RETURN_TYPE = YES_ERROR;
				GCC_WARN_UNDECLARED_SELECTOR = YES;
				GCC_WARN_UNINITIALIZED_AUTOS = YES_AGGRESSIVE;
				GCC_WARN_UNUSED_FUNCTION = YES;
				GCC_WARN_UNUSED_VARIABLE = YES;
				IPHONEOS_DEPLOYMENT_TARGET = 17.4;
				LOCALIZATION_PREFERS_STRING_CATALOGS = YES;
				MTL_ENABLE_DEBUG_INFO = NO;
				MTL_FAST_MATH = YES;
				SDKROOT = iphoneos;
				SWIFT_COMPILATION_MODE = wholemodule;
				VALIDATE_PRODUCT = YES;
			};
			name = Release;
		};
		C725445E2C91854F00580224 /* Debug */ = {
			isa = XCBuildConfiguration;
			buildSettings = {
				ASSETCATALOG_COMPILER_APPICON_NAME = AppIcon;
				ASSETCATALOG_COMPILER_GLOBAL_ACCENT_COLOR_NAME = AccentColor;
				CODE_SIGN_STYLE = Automatic;
				CURRENT_PROJECT_VERSION = 1;
				DEVELOPMENT_TEAM = 7346552Z5J;
				GENERATE_INFOPLIST_FILE = YES;
				INFOPLIST_FILE = RogueWord/Info.plist;
				INFOPLIST_KEY_UIApplicationSupportsIndirectInputEvents = YES;
				INFOPLIST_KEY_UILaunchStoryboardName = LaunchScreen;
				INFOPLIST_KEY_UIMainStoryboardFile = Main;
				INFOPLIST_KEY_UISupportedInterfaceOrientations_iPad = "UIInterfaceOrientationPortrait UIInterfaceOrientationPortraitUpsideDown UIInterfaceOrientationLandscapeLeft UIInterfaceOrientationLandscapeRight";
				INFOPLIST_KEY_UISupportedInterfaceOrientations_iPhone = "UIInterfaceOrientationPortrait UIInterfaceOrientationLandscapeLeft UIInterfaceOrientationLandscapeRight";
				IPHONEOS_DEPLOYMENT_TARGET = 17.0;
				LD_RUNPATH_SEARCH_PATHS = (
					"$(inherited)",
					"@executable_path/Frameworks",
				);
				MARKETING_VERSION = 1.0;
				PRODUCT_BUNDLE_IDENTIFIER = com.YuanDongZheng.RogueWord;
				PRODUCT_NAME = "$(TARGET_NAME)";
				SWIFT_EMIT_LOC_STRINGS = YES;
				SWIFT_VERSION = 5.0;
				TARGETED_DEVICE_FAMILY = "1,2";
			};
			name = Debug;
		};
		C725445F2C91854F00580224 /* Release */ = {
			isa = XCBuildConfiguration;
			buildSettings = {
				ASSETCATALOG_COMPILER_APPICON_NAME = AppIcon;
				ASSETCATALOG_COMPILER_GLOBAL_ACCENT_COLOR_NAME = AccentColor;
				CODE_SIGN_STYLE = Automatic;
				CURRENT_PROJECT_VERSION = 1;
				DEVELOPMENT_TEAM = 7346552Z5J;
				GENERATE_INFOPLIST_FILE = YES;
				INFOPLIST_FILE = RogueWord/Info.plist;
				INFOPLIST_KEY_UIApplicationSupportsIndirectInputEvents = YES;
				INFOPLIST_KEY_UILaunchStoryboardName = LaunchScreen;
				INFOPLIST_KEY_UIMainStoryboardFile = Main;
				INFOPLIST_KEY_UISupportedInterfaceOrientations_iPad = "UIInterfaceOrientationPortrait UIInterfaceOrientationPortraitUpsideDown UIInterfaceOrientationLandscapeLeft UIInterfaceOrientationLandscapeRight";
				INFOPLIST_KEY_UISupportedInterfaceOrientations_iPhone = "UIInterfaceOrientationPortrait UIInterfaceOrientationLandscapeLeft UIInterfaceOrientationLandscapeRight";
				IPHONEOS_DEPLOYMENT_TARGET = 17.0;
				LD_RUNPATH_SEARCH_PATHS = (
					"$(inherited)",
					"@executable_path/Frameworks",
				);
				MARKETING_VERSION = 1.0;
				PRODUCT_BUNDLE_IDENTIFIER = com.YuanDongZheng.RogueWord;
				PRODUCT_NAME = "$(TARGET_NAME)";
				SWIFT_EMIT_LOC_STRINGS = YES;
				SWIFT_VERSION = 5.0;
				TARGETED_DEVICE_FAMILY = "1,2";
			};
			name = Release;
		};
		C72544612C91854F00580224 /* Debug */ = {
			isa = XCBuildConfiguration;
			buildSettings = {
				ALWAYS_EMBED_SWIFT_STANDARD_LIBRARIES = YES;
				BUNDLE_LOADER = "$(TEST_HOST)";
				CODE_SIGN_STYLE = Automatic;
				CURRENT_PROJECT_VERSION = 1;
				GENERATE_INFOPLIST_FILE = YES;
				IPHONEOS_DEPLOYMENT_TARGET = 17.4;
				MARKETING_VERSION = 1.0;
				PRODUCT_BUNDLE_IDENTIFIER = com.YuanDongZheng.RogueWordTests;
				PRODUCT_NAME = "$(TARGET_NAME)";
				SWIFT_EMIT_LOC_STRINGS = NO;
				SWIFT_VERSION = 5.0;
				TARGETED_DEVICE_FAMILY = "1,2";
				TEST_HOST = "$(BUILT_PRODUCTS_DIR)/RogueWord.app/$(BUNDLE_EXECUTABLE_FOLDER_PATH)/RogueWord";
			};
			name = Debug;
		};
		C72544622C91854F00580224 /* Release */ = {
			isa = XCBuildConfiguration;
			buildSettings = {
				ALWAYS_EMBED_SWIFT_STANDARD_LIBRARIES = YES;
				BUNDLE_LOADER = "$(TEST_HOST)";
				CODE_SIGN_STYLE = Automatic;
				CURRENT_PROJECT_VERSION = 1;
				GENERATE_INFOPLIST_FILE = YES;
				IPHONEOS_DEPLOYMENT_TARGET = 17.4;
				MARKETING_VERSION = 1.0;
				PRODUCT_BUNDLE_IDENTIFIER = com.YuanDongZheng.RogueWordTests;
				PRODUCT_NAME = "$(TARGET_NAME)";
				SWIFT_EMIT_LOC_STRINGS = NO;
				SWIFT_VERSION = 5.0;
				TARGETED_DEVICE_FAMILY = "1,2";
				TEST_HOST = "$(BUILT_PRODUCTS_DIR)/RogueWord.app/$(BUNDLE_EXECUTABLE_FOLDER_PATH)/RogueWord";
			};
			name = Release;
		};
		C72544642C91854F00580224 /* Debug */ = {
			isa = XCBuildConfiguration;
			buildSettings = {
				ALWAYS_EMBED_SWIFT_STANDARD_LIBRARIES = YES;
				CODE_SIGN_STYLE = Automatic;
				CURRENT_PROJECT_VERSION = 1;
				GENERATE_INFOPLIST_FILE = YES;
				MARKETING_VERSION = 1.0;
				PRODUCT_BUNDLE_IDENTIFIER = com.YuanDongZheng.RogueWordUITests;
				PRODUCT_NAME = "$(TARGET_NAME)";
				SWIFT_EMIT_LOC_STRINGS = NO;
				SWIFT_VERSION = 5.0;
				TARGETED_DEVICE_FAMILY = "1,2";
				TEST_TARGET_NAME = RogueWord;
			};
			name = Debug;
		};
		C72544652C91854F00580224 /* Release */ = {
			isa = XCBuildConfiguration;
			buildSettings = {
				ALWAYS_EMBED_SWIFT_STANDARD_LIBRARIES = YES;
				CODE_SIGN_STYLE = Automatic;
				CURRENT_PROJECT_VERSION = 1;
				GENERATE_INFOPLIST_FILE = YES;
				MARKETING_VERSION = 1.0;
				PRODUCT_BUNDLE_IDENTIFIER = com.YuanDongZheng.RogueWordUITests;
				PRODUCT_NAME = "$(TARGET_NAME)";
				SWIFT_EMIT_LOC_STRINGS = NO;
				SWIFT_VERSION = 5.0;
				TARGETED_DEVICE_FAMILY = "1,2";
				TEST_TARGET_NAME = RogueWord;
			};
			name = Release;
		};
/* End XCBuildConfiguration section */

/* Begin XCConfigurationList section */
		C725442B2C91854D00580224 /* Build configuration list for PBXProject "RogueWord" */ = {
			isa = XCConfigurationList;
			buildConfigurations = (
				C725445B2C91854F00580224 /* Debug */,
				C725445C2C91854F00580224 /* Release */,
			);
			defaultConfigurationIsVisible = 0;
			defaultConfigurationName = Release;
		};
		C725445D2C91854F00580224 /* Build configuration list for PBXNativeTarget "RogueWord" */ = {
			isa = XCConfigurationList;
			buildConfigurations = (
				C725445E2C91854F00580224 /* Debug */,
				C725445F2C91854F00580224 /* Release */,
			);
			defaultConfigurationIsVisible = 0;
			defaultConfigurationName = Release;
		};
		C72544602C91854F00580224 /* Build configuration list for PBXNativeTarget "RogueWordTests" */ = {
			isa = XCConfigurationList;
			buildConfigurations = (
				C72544612C91854F00580224 /* Debug */,
				C72544622C91854F00580224 /* Release */,
			);
			defaultConfigurationIsVisible = 0;
			defaultConfigurationName = Release;
		};
		C72544632C91854F00580224 /* Build configuration list for PBXNativeTarget "RogueWordUITests" */ = {
			isa = XCConfigurationList;
			buildConfigurations = (
				C72544642C91854F00580224 /* Debug */,
				C72544652C91854F00580224 /* Release */,
			);
			defaultConfigurationIsVisible = 0;
			defaultConfigurationName = Release;
		};
/* End XCConfigurationList section */

/* Begin XCRemoteSwiftPackageReference section */
		C72544682C918C5A00580224 /* XCRemoteSwiftPackageReference "firebase-ios-sdk" */ = {
			isa = XCRemoteSwiftPackageReference;
			repositoryURL = "https://github.com/firebase/firebase-ios-sdk";
			requirement = {
				kind = upToNextMajorVersion;
				minimumVersion = 11.2.0;
			};
		};
		C725448B2C92BBDF00580224 /* XCRemoteSwiftPackageReference "SnapKit" */ = {
			isa = XCRemoteSwiftPackageReference;
			repositoryURL = "https://github.com/SnapKit/SnapKit.git";
			requirement = {
				kind = upToNextMajorVersion;
				minimumVersion = 5.7.1;
			};
		};
/* End XCRemoteSwiftPackageReference section */

/* Begin XCSwiftPackageProductDependency section */
		C72544692C918C5A00580224 /* FirebaseAuth */ = {
			isa = XCSwiftPackageProductDependency;
			package = C72544682C918C5A00580224 /* XCRemoteSwiftPackageReference "firebase-ios-sdk" */;
			productName = FirebaseAuth;
		};
		C725446B2C918C5A00580224 /* FirebaseDatabase */ = {
			isa = XCSwiftPackageProductDependency;
			package = C72544682C918C5A00580224 /* XCRemoteSwiftPackageReference "firebase-ios-sdk" */;
			productName = FirebaseDatabase;
		};
		C725446D2C918C5A00580224 /* FirebaseFirestore */ = {
			isa = XCSwiftPackageProductDependency;
			package = C72544682C918C5A00580224 /* XCRemoteSwiftPackageReference "firebase-ios-sdk" */;
			productName = FirebaseFirestore;
		};
		C725446F2C918C5A00580224 /* FirebaseStorage */ = {
			isa = XCSwiftPackageProductDependency;
			package = C72544682C918C5A00580224 /* XCRemoteSwiftPackageReference "firebase-ios-sdk" */;
			productName = FirebaseStorage;
		};
		C725448C2C92BBDF00580224 /* SnapKit */ = {
			isa = XCSwiftPackageProductDependency;
			package = C725448B2C92BBDF00580224 /* XCRemoteSwiftPackageReference "SnapKit" */;
			productName = SnapKit;
		};
/* End XCSwiftPackageProductDependency section */

/* Begin XCVersionGroup section */
		C725443C2C91854D00580224 /* RogueWord.xcdatamodeld */ = {
			isa = XCVersionGroup;
			children = (
				C725443D2C91854D00580224 /* RogueWord.xcdatamodel */,
			);
			currentVersion = C725443D2C91854D00580224 /* RogueWord.xcdatamodel */;
			path = RogueWord.xcdatamodeld;
			sourceTree = "<group>";
			versionGroupType = wrapper.xcdatamodel;
		};
/* End XCVersionGroup section */
	};
	rootObject = C72544282C91854D00580224 /* Project object */;
}
